// !$*UTF8*$!
{
	archiveVersion = 1;
	classes = {
	};
	objectVersion = 46;
	objects = {

/* Begin PBXBuildFile section */
		1D60589F0D05DD5A006BFB54 /* Foundation.framework in Frameworks */ = {isa = PBXBuildFile; fileRef = 1D30AB110D05D00D00671497 /* Foundation.framework */; };
		1DF5F4E00D08C38300B7A737 /* UIKit.framework in Frameworks */ = {isa = PBXBuildFile; fileRef = 1DF5F4DF0D08C38300B7A737 /* UIKit.framework */; };
		288765A50DF7441C002DB57D /* CoreGraphics.framework in Frameworks */ = {isa = PBXBuildFile; fileRef = 288765A40DF7441C002DB57D /* CoreGraphics.framework */; };
		782F4619153FEDF0009FC2E5 /* Default.png in Resources */ = {isa = PBXBuildFile; fileRef = 782F4617153FEDF0009FC2E5 /* Default.png */; };
		AC31C1C11896636100B6070C /* Animation.cpp in Sources */ = {isa = PBXBuildFile; fileRef = AC31C1961896636100B6070C /* Animation.cpp */; };
		AC31C1C21896636100B6070C /* AnimationState.cpp in Sources */ = {isa = PBXBuildFile; fileRef = AC31C1981896636100B6070C /* AnimationState.cpp */; };
		AC31C1C31896636100B6070C /* AnimationStateData.cpp in Sources */ = {isa = PBXBuildFile; fileRef = AC31C19A1896636100B6070C /* AnimationStateData.cpp */; };
		AC31C1C41896636100B6070C /* Atlas.cpp in Sources */ = {isa = PBXBuildFile; fileRef = AC31C19C1896636100B6070C /* Atlas.cpp */; };
		AC31C1C51896636100B6070C /* AtlasAttachmentLoader.cpp in Sources */ = {isa = PBXBuildFile; fileRef = AC31C19E1896636100B6070C /* AtlasAttachmentLoader.cpp */; };
		AC31C1C61896636100B6070C /* Attachment.cpp in Sources */ = {isa = PBXBuildFile; fileRef = AC31C1A01896636100B6070C /* Attachment.cpp */; };
		AC31C1C71896636100B6070C /* AttachmentLoader.cpp in Sources */ = {isa = PBXBuildFile; fileRef = AC31C1A21896636100B6070C /* AttachmentLoader.cpp */; };
		AC31C1C81896636100B6070C /* Bone.cpp in Sources */ = {isa = PBXBuildFile; fileRef = AC31C1A41896636100B6070C /* Bone.cpp */; };
		AC31C1C91896636100B6070C /* BoneData.cpp in Sources */ = {isa = PBXBuildFile; fileRef = AC31C1A61896636100B6070C /* BoneData.cpp */; };
		AC31C1CA1896636100B6070C /* CCSkeleton.cpp in Sources */ = {isa = PBXBuildFile; fileRef = AC31C1A81896636100B6070C /* CCSkeleton.cpp */; };
		AC31C1CB1896636100B6070C /* CCSkeletonAnimation.cpp in Sources */ = {isa = PBXBuildFile; fileRef = AC31C1AA1896636100B6070C /* CCSkeletonAnimation.cpp */; };
		AC31C1CC1896636100B6070C /* extension.cpp in Sources */ = {isa = PBXBuildFile; fileRef = AC31C1AC1896636100B6070C /* extension.cpp */; };
		AC31C1CD1896636100B6070C /* Json.cpp in Sources */ = {isa = PBXBuildFile; fileRef = AC31C1AE1896636100B6070C /* Json.cpp */; };
		AC31C1CE1896636100B6070C /* RegionAttachment.cpp in Sources */ = {isa = PBXBuildFile; fileRef = AC31C1B01896636100B6070C /* RegionAttachment.cpp */; };
		AC31C1CF1896636100B6070C /* Skeleton.cpp in Sources */ = {isa = PBXBuildFile; fileRef = AC31C1B21896636100B6070C /* Skeleton.cpp */; };
		AC31C1D01896636100B6070C /* SkeletonData.cpp in Sources */ = {isa = PBXBuildFile; fileRef = AC31C1B41896636100B6070C /* SkeletonData.cpp */; };
		AC31C1D11896636100B6070C /* SkeletonJson.cpp in Sources */ = {isa = PBXBuildFile; fileRef = AC31C1B61896636100B6070C /* SkeletonJson.cpp */; };
		AC31C1D21896636100B6070C /* Skin.cpp in Sources */ = {isa = PBXBuildFile; fileRef = AC31C1B81896636100B6070C /* Skin.cpp */; };
		AC31C1D31896636100B6070C /* Slot.cpp in Sources */ = {isa = PBXBuildFile; fileRef = AC31C1BA1896636100B6070C /* Slot.cpp */; };
		AC31C1D41896636100B6070C /* SlotData.cpp in Sources */ = {isa = PBXBuildFile; fileRef = AC31C1BC1896636100B6070C /* SlotData.cpp */; };
		AC31C1D51896636100B6070C /* spine-cocos2dx.cpp in Sources */ = {isa = PBXBuildFile; fileRef = AC31C1BE1896636100B6070C /* spine-cocos2dx.cpp */; };
		AC52DB8218964789003B8A70 /* PName.cpp in Sources */ = {isa = PBXBuildFile; fileRef = AC52DB8018964789003B8A70 /* PName.cpp */; };
		AC6A5403188E47030094044F /* KiiSDK.framework in Frameworks */ = {isa = PBXBuildFile; fileRef = AC6A5402188E47030094044F /* KiiSDK.framework */; };
		AC6A5405188E4D3E0094044F /* MobileCoreServices.framework in Frameworks */ = {isa = PBXBuildFile; fileRef = AC6A5404188E4D3E0094044F /* MobileCoreServices.framework */; };
		AC6A5407188E4D570094044F /* Accounts.framework in Frameworks */ = {isa = PBXBuildFile; fileRef = AC6A5406188E4D570094044F /* Accounts.framework */; };
		AC6A5409188E4D690094044F /* Twitter.framework in Frameworks */ = {isa = PBXBuildFile; fileRef = AC6A5408188E4D690094044F /* Twitter.framework */; };
		AC6A540C188E74FE0094044F /* KRanking.mmxxx in Sources */ = {isa = PBXBuildFile; fileRef = AC6A540B188E74FE0094044F /* KRanking.mmxxx */; };
		AC70BCE81890AD1B006B8B9C /* KRanking_objc.mm in Sources */ = {isa = PBXBuildFile; fileRef = AC70BCE71890AD1B006B8B9C /* KRanking_objc.mm */; };
		AC786396188E21860051FACF /* libcocos2dx.a in Frameworks */ = {isa = PBXBuildFile; fileRef = AC786390188E1EF50051FACF /* libcocos2dx.a */; };
		AC78639C188E22500051FACF /* RankingScene.cpp in Sources */ = {isa = PBXBuildFile; fileRef = AC786398188E22500051FACF /* RankingScene.cpp */; };
		AC78639D188E22500051FACF /* StartScene.cpp in Sources */ = {isa = PBXBuildFile; fileRef = AC78639A188E22500051FACF /* StartScene.cpp */; };
		AC7863AC188E25540051FACF /* CDAudioManager.m in Sources */ = {isa = PBXBuildFile; fileRef = AC7863A2188E24D30051FACF /* CDAudioManager.m */; };
		AC7863AD188E25540051FACF /* CDOpenALSupport.m in Sources */ = {isa = PBXBuildFile; fileRef = AC7863A5188E24D30051FACF /* CDOpenALSupport.m */; };
		AC7863AE188E25540051FACF /* CocosDenshion.m in Sources */ = {isa = PBXBuildFile; fileRef = AC7863A7188E24D30051FACF /* CocosDenshion.m */; };
		AC7863AF188E25540051FACF /* SimpleAudioEngine.mm in Sources */ = {isa = PBXBuildFile; fileRef = AC7863A8188E24D30051FACF /* SimpleAudioEngine.mm */; };
		AC7863B0188E25540051FACF /* SimpleAudioEngine_objc.m in Sources */ = {isa = PBXBuildFile; fileRef = AC7863AA188E24D30051FACF /* SimpleAudioEngine_objc.m */; };
		AC7863B4188E26750051FACF /* bt_ranking.png in Resources */ = {isa = PBXBuildFile; fileRef = AC7863B1188E26750051FACF /* bt_ranking.png */; };
		AC7863B5188E26750051FACF /* bt_start.png in Resources */ = {isa = PBXBuildFile; fileRef = AC7863B2188E26750051FACF /* bt_start.png */; };
		AC7863B6188E26750051FACF /* bt_title.png in Resources */ = {isa = PBXBuildFile; fileRef = AC7863B3188E26750051FACF /* bt_title.png */; };
		AC905A88188F7A09005E8947 /* CallCPP.cpp in Sources */ = {isa = PBXBuildFile; fileRef = AC905A87188F7A09005E8947 /* CallCPP.cpp */; };
		AC905A8B188F8B84005E8947 /* CallFromCPP.mm in Sources */ = {isa = PBXBuildFile; fileRef = AC905A8A188F8B84005E8947 /* CallFromCPP.mm */; };
		AC905A8D188F9153005E8947 /* kiiIF.cpp in Sources */ = {isa = PBXBuildFile; fileRef = AC905A8C188F9153005E8947 /* kiiIF.cpp */; };
		AC92D89718965D170008E991 /* Android.mk in Resources */ = {isa = PBXBuildFile; fileRef = AC92D73518965D160008E991 /* Android.mk */; };
		AC92D89818965D170008E991 /* AssetsManager.cpp in Sources */ = {isa = PBXBuildFile; fileRef = AC92D73718965D160008E991 /* AssetsManager.cpp */; };
		AC92D8E918965D170008E991 /* CCControl.cpp in Sources */ = {isa = PBXBuildFile; fileRef = AC92D80618965D160008E991 /* CCControl.cpp */; };
		AC92D8EA18965D170008E991 /* CCControlButton.cpp in Sources */ = {isa = PBXBuildFile; fileRef = AC92D80818965D160008E991 /* CCControlButton.cpp */; };
		AC92D8EB18965D170008E991 /* CCControlColourPicker.cpp in Sources */ = {isa = PBXBuildFile; fileRef = AC92D80A18965D160008E991 /* CCControlColourPicker.cpp */; };
		AC92D8EC18965D170008E991 /* CCControlHuePicker.cpp in Sources */ = {isa = PBXBuildFile; fileRef = AC92D80D18965D160008E991 /* CCControlHuePicker.cpp */; };
		AC92D8ED18965D170008E991 /* CCControlPotentiometer.cpp in Sources */ = {isa = PBXBuildFile; fileRef = AC92D80F18965D160008E991 /* CCControlPotentiometer.cpp */; };
		AC92D8EE18965D170008E991 /* CCControlSaturationBrightnessPicker.cpp in Sources */ = {isa = PBXBuildFile; fileRef = AC92D81118965D160008E991 /* CCControlSaturationBrightnessPicker.cpp */; };
		AC92D8EF18965D170008E991 /* CCControlSlider.cpp in Sources */ = {isa = PBXBuildFile; fileRef = AC92D81318965D160008E991 /* CCControlSlider.cpp */; };
		AC92D8F018965D170008E991 /* CCControlStepper.cpp in Sources */ = {isa = PBXBuildFile; fileRef = AC92D81518965D160008E991 /* CCControlStepper.cpp */; };
		AC92D8F118965D170008E991 /* CCControlSwitch.cpp in Sources */ = {isa = PBXBuildFile; fileRef = AC92D81718965D160008E991 /* CCControlSwitch.cpp */; };
		AC92D8F218965D170008E991 /* CCControlUtils.cpp in Sources */ = {isa = PBXBuildFile; fileRef = AC92D81918965D160008E991 /* CCControlUtils.cpp */; };
		AC92D8F318965D170008E991 /* CCInvocation.cpp in Sources */ = {isa = PBXBuildFile; fileRef = AC92D81B18965D160008E991 /* CCInvocation.cpp */; };
		AC92D8F418965D170008E991 /* CCScale9Sprite.cpp in Sources */ = {isa = PBXBuildFile; fileRef = AC92D81D18965D160008E991 /* CCScale9Sprite.cpp */; };
		AC92D8F518965D170008E991 /* CCEditBox.cpp in Sources */ = {isa = PBXBuildFile; fileRef = AC92D82018965D160008E991 /* CCEditBox.cpp */; };
		AC92D8F618965D170008E991 /* CCEditBoxImplAndroid.cpp in Sources */ = {isa = PBXBuildFile; fileRef = AC92D82318965D160008E991 /* CCEditBoxImplAndroid.cpp */; };
		AC92D8F718965D170008E991 /* CCEditBoxImplIOS.mm in Sources */ = {isa = PBXBuildFile; fileRef = AC92D82618965D160008E991 /* CCEditBoxImplIOS.mm */; };
		AC92D8F818965D170008E991 /* CCEditBoxImplMac.mm in Sources */ = {isa = PBXBuildFile; fileRef = AC92D82818965D170008E991 /* CCEditBoxImplMac.mm */; };
		AC92D8F918965D170008E991 /* CCEditBoxImplNone.cpp in Sources */ = {isa = PBXBuildFile; fileRef = AC92D82918965D170008E991 /* CCEditBoxImplNone.cpp */; };
		AC92D8FA18965D170008E991 /* CCEditBoxImplTizen.cpp in Sources */ = {isa = PBXBuildFile; fileRef = AC92D82A18965D170008E991 /* CCEditBoxImplTizen.cpp */; };
		AC92D8FB18965D170008E991 /* CCEditBoxImplWin.cpp in Sources */ = {isa = PBXBuildFile; fileRef = AC92D82C18965D170008E991 /* CCEditBoxImplWin.cpp */; };
		AC92D8FC18965D170008E991 /* CCScrollView.cpp in Sources */ = {isa = PBXBuildFile; fileRef = AC92D82F18965D170008E991 /* CCScrollView.cpp */; };
		AC92D8FD18965D170008E991 /* CCSorting.cpp in Sources */ = {isa = PBXBuildFile; fileRef = AC92D83118965D170008E991 /* CCSorting.cpp */; };
		AC92D8FE18965D170008E991 /* CCTableView.cpp in Sources */ = {isa = PBXBuildFile; fileRef = AC92D83318965D170008E991 /* CCTableView.cpp */; };
		AC92D8FF18965D170008E991 /* CCTableViewCell.cpp in Sources */ = {isa = PBXBuildFile; fileRef = AC92D83518965D170008E991 /* CCTableViewCell.cpp */; };
		AC92D90218965D170008E991 /* HttpClient.cpp in Sources */ = {isa = PBXBuildFile; fileRef = AC92D83C18965D170008E991 /* HttpClient.cpp */; };
		AC92D90318965D170008E991 /* WebSocket.cpp in Sources */ = {isa = PBXBuildFile; fileRef = AC92D84018965D170008E991 /* WebSocket.cpp */; };
		AC92D90418965D170008E991 /* CCPhysicsDebugNode.cpp in Sources */ = {isa = PBXBuildFile; fileRef = AC92D84318965D170008E991 /* CCPhysicsDebugNode.cpp */; };
		AC92D90518965D170008E991 /* CCPhysicsSprite.cpp in Sources */ = {isa = PBXBuildFile; fileRef = AC92D84518965D170008E991 /* CCPhysicsSprite.cpp */; };
		BF1373EF128A898400D9F789 /* OpenGLES.framework in Frameworks */ = {isa = PBXBuildFile; fileRef = BF492D4B1289302400A09262 /* OpenGLES.framework */; };
		BF1373F0128A899500D9F789 /* libxml2.dylib in Frameworks */ = {isa = PBXBuildFile; fileRef = BF492C21128924A800A09262 /* libxml2.dylib */; };
		BF1373F1128A899E00D9F789 /* libz.dylib in Frameworks */ = {isa = PBXBuildFile; fileRef = BF492B6912891AC600A09262 /* libz.dylib */; };
		BF13742F128A8E6A00D9F789 /* QuartzCore.framework in Frameworks */ = {isa = PBXBuildFile; fileRef = BF137426128A8E4600D9F789 /* QuartzCore.framework */; };
		BF23D4E7143315EB00657E08 /* AppDelegate.cpp in Sources */ = {isa = PBXBuildFile; fileRef = BF23D4E3143315EB00657E08 /* AppDelegate.cpp */; };
		BF23D4E8143315EB00657E08 /* HelloWorldScene.cpp in Sources */ = {isa = PBXBuildFile; fileRef = BF23D4E5143315EB00657E08 /* HelloWorldScene.cpp */; };
		BF365AA812A103F70050DCF4 /* AppController.mm in Sources */ = {isa = PBXBuildFile; fileRef = BF365AA712A103F70050DCF4 /* AppController.mm */; };
		BF4DE6AD138BB89600CF907D /* RootViewController.mm in Sources */ = {isa = PBXBuildFile; fileRef = BF4DE6AC138BB89600CF907D /* RootViewController.mm */; };
		D41A0AC6160F14F5004552AE /* Default-568h@2x.png in Resources */ = {isa = PBXBuildFile; fileRef = D41A0AC5160F14F5004552AE /* Default-568h@2x.png */; };
		D446FD47161020AC000ADA7B /* Default@2x.png in Resources */ = {isa = PBXBuildFile; fileRef = D446FD46161020AB000ADA7B /* Default@2x.png */; };
		D4ABB4B313B4395300552E6E /* main.m in Sources */ = {isa = PBXBuildFile; fileRef = D4ABB4B213B4395300552E6E /* main.m */; };
		D4E6BC9215FCB5BA008BF525 /* GameOverScene.cpp in Sources */ = {isa = PBXBuildFile; fileRef = D4E6BC9015FCB5BA008BF525 /* GameOverScene.cpp */; };
		D4E6BCC815FCB6AA008BF525 /* background-music-aac.wav in Resources */ = {isa = PBXBuildFile; fileRef = D4E6BCC415FCB6AA008BF525 /* background-music-aac.wav */; };
		D4E6BCC915FCB6AA008BF525 /* hd in Resources */ = {isa = PBXBuildFile; fileRef = D4E6BCC515FCB6AA008BF525 /* hd */; };
		D4E6BCCA15FCB6AA008BF525 /* pew-pew-lei.wav in Resources */ = {isa = PBXBuildFile; fileRef = D4E6BCC615FCB6AA008BF525 /* pew-pew-lei.wav */; };
		D4E6BCCB15FCB6AA008BF525 /* sd in Resources */ = {isa = PBXBuildFile; fileRef = D4E6BCC715FCB6AA008BF525 /* sd */; };
		D4E6BCCC15FCBABC008BF525 /* OpenAL.framework in Frameworks */ = {isa = PBXBuildFile; fileRef = 781C33B11547F06B00633F88 /* OpenAL.framework */; };
		D4E6BCCD15FCBAC8008BF525 /* AVFoundation.framework in Frameworks */ = {isa = PBXBuildFile; fileRef = 781C33B51547F06B00633F88 /* AVFoundation.framework */; };
		D4E6BCCE15FCBAD7008BF525 /* AudioToolbox.framework in Frameworks */ = {isa = PBXBuildFile; fileRef = 781C33B31547F06B00633F88 /* AudioToolbox.framework */; };
		D4EF94E815BD319200D803EB /* Icon-57.png in Resources */ = {isa = PBXBuildFile; fileRef = D4EF94E715BD319200D803EB /* Icon-57.png */; };
		D4EF94EA15BD319500D803EB /* Icon-114.png in Resources */ = {isa = PBXBuildFile; fileRef = D4EF94E915BD319500D803EB /* Icon-114.png */; };
		D4EF94EC15BD319B00D803EB /* Icon-72.png in Resources */ = {isa = PBXBuildFile; fileRef = D4EF94EB15BD319B00D803EB /* Icon-72.png */; };
		D4EF94EE15BD319D00D803EB /* Icon-144.png in Resources */ = {isa = PBXBuildFile; fileRef = D4EF94ED15BD319D00D803EB /* Icon-144.png */; };
/* End PBXBuildFile section */

/* Begin PBXContainerItemProxy section */
		AC78638F188E1EF50051FACF /* PBXContainerItemProxy */ = {
			isa = PBXContainerItemProxy;
			containerPortal = AC78638B188E1EF50051FACF /* cocos2dx.xcodeproj */;
			proxyType = 2;
			remoteGlobalIDString = 1551A33F158F2AB200E66CFE;
			remoteInfo = cocos2dx;
		};
		AC786391188E1F820051FACF /* PBXContainerItemProxy */ = {
			isa = PBXContainerItemProxy;
			containerPortal = AC78638B188E1EF50051FACF /* cocos2dx.xcodeproj */;
			proxyType = 1;
			remoteGlobalIDString = 1551A33E158F2AB200E66CFE;
			remoteInfo = cocos2dx;
		};
/* End PBXContainerItemProxy section */

/* Begin PBXFileReference section */
		1D30AB110D05D00D00671497 /* Foundation.framework */ = {isa = PBXFileReference; lastKnownFileType = wrapper.framework; name = Foundation.framework; path = System/Library/Frameworks/Foundation.framework; sourceTree = SDKROOT; };
		1D6058910D05DD3D006BFB54 /* SimpleGame.app */ = {isa = PBXFileReference; explicitFileType = wrapper.application; includeInIndex = 0; path = SimpleGame.app; sourceTree = BUILT_PRODUCTS_DIR; };
		1DF5F4DF0D08C38300B7A737 /* UIKit.framework */ = {isa = PBXFileReference; lastKnownFileType = wrapper.framework; name = UIKit.framework; path = System/Library/Frameworks/UIKit.framework; sourceTree = SDKROOT; };
		288765A40DF7441C002DB57D /* CoreGraphics.framework */ = {isa = PBXFileReference; lastKnownFileType = wrapper.framework; name = CoreGraphics.framework; path = System/Library/Frameworks/CoreGraphics.framework; sourceTree = SDKROOT; };
		781C33B11547F06B00633F88 /* OpenAL.framework */ = {isa = PBXFileReference; lastKnownFileType = wrapper.framework; name = OpenAL.framework; path = System/Library/Frameworks/OpenAL.framework; sourceTree = SDKROOT; };
		781C33B31547F06B00633F88 /* AudioToolbox.framework */ = {isa = PBXFileReference; lastKnownFileType = wrapper.framework; name = AudioToolbox.framework; path = System/Library/Frameworks/AudioToolbox.framework; sourceTree = SDKROOT; };
		781C33B51547F06B00633F88 /* AVFoundation.framework */ = {isa = PBXFileReference; lastKnownFileType = wrapper.framework; name = AVFoundation.framework; path = System/Library/Frameworks/AVFoundation.framework; sourceTree = SDKROOT; };
		782F4617153FEDF0009FC2E5 /* Default.png */ = {isa = PBXFileReference; lastKnownFileType = image.png; path = Default.png; sourceTree = SOURCE_ROOT; };
		AC31C1961896636100B6070C /* Animation.cpp */ = {isa = PBXFileReference; fileEncoding = 4; lastKnownFileType = sourcecode.cpp.cpp; path = Animation.cpp; sourceTree = "<group>"; };
		AC31C1971896636100B6070C /* Animation.h */ = {isa = PBXFileReference; fileEncoding = 4; lastKnownFileType = sourcecode.c.h; path = Animation.h; sourceTree = "<group>"; };
		AC31C1981896636100B6070C /* AnimationState.cpp */ = {isa = PBXFileReference; fileEncoding = 4; lastKnownFileType = sourcecode.cpp.cpp; path = AnimationState.cpp; sourceTree = "<group>"; };
		AC31C1991896636100B6070C /* AnimationState.h */ = {isa = PBXFileReference; fileEncoding = 4; lastKnownFileType = sourcecode.c.h; path = AnimationState.h; sourceTree = "<group>"; };
		AC31C19A1896636100B6070C /* AnimationStateData.cpp */ = {isa = PBXFileReference; fileEncoding = 4; lastKnownFileType = sourcecode.cpp.cpp; path = AnimationStateData.cpp; sourceTree = "<group>"; };
		AC31C19B1896636100B6070C /* AnimationStateData.h */ = {isa = PBXFileReference; fileEncoding = 4; lastKnownFileType = sourcecode.c.h; path = AnimationStateData.h; sourceTree = "<group>"; };
		AC31C19C1896636100B6070C /* Atlas.cpp */ = {isa = PBXFileReference; fileEncoding = 4; lastKnownFileType = sourcecode.cpp.cpp; path = Atlas.cpp; sourceTree = "<group>"; };
		AC31C19D1896636100B6070C /* Atlas.h */ = {isa = PBXFileReference; fileEncoding = 4; lastKnownFileType = sourcecode.c.h; path = Atlas.h; sourceTree = "<group>"; };
		AC31C19E1896636100B6070C /* AtlasAttachmentLoader.cpp */ = {isa = PBXFileReference; fileEncoding = 4; lastKnownFileType = sourcecode.cpp.cpp; path = AtlasAttachmentLoader.cpp; sourceTree = "<group>"; };
		AC31C19F1896636100B6070C /* AtlasAttachmentLoader.h */ = {isa = PBXFileReference; fileEncoding = 4; lastKnownFileType = sourcecode.c.h; path = AtlasAttachmentLoader.h; sourceTree = "<group>"; };
		AC31C1A01896636100B6070C /* Attachment.cpp */ = {isa = PBXFileReference; fileEncoding = 4; lastKnownFileType = sourcecode.cpp.cpp; path = Attachment.cpp; sourceTree = "<group>"; };
		AC31C1A11896636100B6070C /* Attachment.h */ = {isa = PBXFileReference; fileEncoding = 4; lastKnownFileType = sourcecode.c.h; path = Attachment.h; sourceTree = "<group>"; };
		AC31C1A21896636100B6070C /* AttachmentLoader.cpp */ = {isa = PBXFileReference; fileEncoding = 4; lastKnownFileType = sourcecode.cpp.cpp; path = AttachmentLoader.cpp; sourceTree = "<group>"; };
		AC31C1A31896636100B6070C /* AttachmentLoader.h */ = {isa = PBXFileReference; fileEncoding = 4; lastKnownFileType = sourcecode.c.h; path = AttachmentLoader.h; sourceTree = "<group>"; };
		AC31C1A41896636100B6070C /* Bone.cpp */ = {isa = PBXFileReference; fileEncoding = 4; lastKnownFileType = sourcecode.cpp.cpp; path = Bone.cpp; sourceTree = "<group>"; };
		AC31C1A51896636100B6070C /* Bone.h */ = {isa = PBXFileReference; fileEncoding = 4; lastKnownFileType = sourcecode.c.h; path = Bone.h; sourceTree = "<group>"; };
		AC31C1A61896636100B6070C /* BoneData.cpp */ = {isa = PBXFileReference; fileEncoding = 4; lastKnownFileType = sourcecode.cpp.cpp; path = BoneData.cpp; sourceTree = "<group>"; };
		AC31C1A71896636100B6070C /* BoneData.h */ = {isa = PBXFileReference; fileEncoding = 4; lastKnownFileType = sourcecode.c.h; path = BoneData.h; sourceTree = "<group>"; };
		AC31C1A81896636100B6070C /* CCSkeleton.cpp */ = {isa = PBXFileReference; fileEncoding = 4; lastKnownFileType = sourcecode.cpp.cpp; path = CCSkeleton.cpp; sourceTree = "<group>"; };
		AC31C1A91896636100B6070C /* CCSkeleton.h */ = {isa = PBXFileReference; fileEncoding = 4; lastKnownFileType = sourcecode.c.h; path = CCSkeleton.h; sourceTree = "<group>"; };
		AC31C1AA1896636100B6070C /* CCSkeletonAnimation.cpp */ = {isa = PBXFileReference; fileEncoding = 4; lastKnownFileType = sourcecode.cpp.cpp; path = CCSkeletonAnimation.cpp; sourceTree = "<group>"; };
		AC31C1AB1896636100B6070C /* CCSkeletonAnimation.h */ = {isa = PBXFileReference; fileEncoding = 4; lastKnownFileType = sourcecode.c.h; path = CCSkeletonAnimation.h; sourceTree = "<group>"; };
		AC31C1AC1896636100B6070C /* extension.cpp */ = {isa = PBXFileReference; fileEncoding = 4; lastKnownFileType = sourcecode.cpp.cpp; path = extension.cpp; sourceTree = "<group>"; };
		AC31C1AD1896636100B6070C /* extension.h */ = {isa = PBXFileReference; fileEncoding = 4; lastKnownFileType = sourcecode.c.h; path = extension.h; sourceTree = "<group>"; };
		AC31C1AE1896636100B6070C /* Json.cpp */ = {isa = PBXFileReference; fileEncoding = 4; lastKnownFileType = sourcecode.cpp.cpp; path = Json.cpp; sourceTree = "<group>"; };
		AC31C1AF1896636100B6070C /* Json.h */ = {isa = PBXFileReference; fileEncoding = 4; lastKnownFileType = sourcecode.c.h; path = Json.h; sourceTree = "<group>"; };
		AC31C1B01896636100B6070C /* RegionAttachment.cpp */ = {isa = PBXFileReference; fileEncoding = 4; lastKnownFileType = sourcecode.cpp.cpp; path = RegionAttachment.cpp; sourceTree = "<group>"; };
		AC31C1B11896636100B6070C /* RegionAttachment.h */ = {isa = PBXFileReference; fileEncoding = 4; lastKnownFileType = sourcecode.c.h; path = RegionAttachment.h; sourceTree = "<group>"; };
		AC31C1B21896636100B6070C /* Skeleton.cpp */ = {isa = PBXFileReference; fileEncoding = 4; lastKnownFileType = sourcecode.cpp.cpp; path = Skeleton.cpp; sourceTree = "<group>"; };
		AC31C1B31896636100B6070C /* Skeleton.h */ = {isa = PBXFileReference; fileEncoding = 4; lastKnownFileType = sourcecode.c.h; path = Skeleton.h; sourceTree = "<group>"; };
		AC31C1B41896636100B6070C /* SkeletonData.cpp */ = {isa = PBXFileReference; fileEncoding = 4; lastKnownFileType = sourcecode.cpp.cpp; path = SkeletonData.cpp; sourceTree = "<group>"; };
		AC31C1B51896636100B6070C /* SkeletonData.h */ = {isa = PBXFileReference; fileEncoding = 4; lastKnownFileType = sourcecode.c.h; path = SkeletonData.h; sourceTree = "<group>"; };
		AC31C1B61896636100B6070C /* SkeletonJson.cpp */ = {isa = PBXFileReference; fileEncoding = 4; lastKnownFileType = sourcecode.cpp.cpp; path = SkeletonJson.cpp; sourceTree = "<group>"; };
		AC31C1B71896636100B6070C /* SkeletonJson.h */ = {isa = PBXFileReference; fileEncoding = 4; lastKnownFileType = sourcecode.c.h; path = SkeletonJson.h; sourceTree = "<group>"; };
		AC31C1B81896636100B6070C /* Skin.cpp */ = {isa = PBXFileReference; fileEncoding = 4; lastKnownFileType = sourcecode.cpp.cpp; path = Skin.cpp; sourceTree = "<group>"; };
		AC31C1B91896636100B6070C /* Skin.h */ = {isa = PBXFileReference; fileEncoding = 4; lastKnownFileType = sourcecode.c.h; path = Skin.h; sourceTree = "<group>"; };
		AC31C1BA1896636100B6070C /* Slot.cpp */ = {isa = PBXFileReference; fileEncoding = 4; lastKnownFileType = sourcecode.cpp.cpp; path = Slot.cpp; sourceTree = "<group>"; };
		AC31C1BB1896636100B6070C /* Slot.h */ = {isa = PBXFileReference; fileEncoding = 4; lastKnownFileType = sourcecode.c.h; path = Slot.h; sourceTree = "<group>"; };
		AC31C1BC1896636100B6070C /* SlotData.cpp */ = {isa = PBXFileReference; fileEncoding = 4; lastKnownFileType = sourcecode.cpp.cpp; path = SlotData.cpp; sourceTree = "<group>"; };
		AC31C1BD1896636100B6070C /* SlotData.h */ = {isa = PBXFileReference; fileEncoding = 4; lastKnownFileType = sourcecode.c.h; path = SlotData.h; sourceTree = "<group>"; };
		AC31C1BE1896636100B6070C /* spine-cocos2dx.cpp */ = {isa = PBXFileReference; fileEncoding = 4; lastKnownFileType = sourcecode.cpp.cpp; path = "spine-cocos2dx.cpp"; sourceTree = "<group>"; };
		AC31C1BF1896636100B6070C /* spine-cocos2dx.h */ = {isa = PBXFileReference; fileEncoding = 4; lastKnownFileType = sourcecode.c.h; path = "spine-cocos2dx.h"; sourceTree = "<group>"; };
		AC31C1C01896636100B6070C /* spine.h */ = {isa = PBXFileReference; fileEncoding = 4; lastKnownFileType = sourcecode.c.h; path = spine.h; sourceTree = "<group>"; };
		AC52DB8018964789003B8A70 /* PName.cpp */ = {isa = PBXFileReference; fileEncoding = 4; lastKnownFileType = sourcecode.cpp.cpp; path = PName.cpp; sourceTree = "<group>"; };
		AC52DB8118964789003B8A70 /* PName.h */ = {isa = PBXFileReference; fileEncoding = 4; lastKnownFileType = sourcecode.c.h; path = PName.h; sourceTree = "<group>"; };
		AC6A5402188E47030094044F /* KiiSDK.framework */ = {isa = PBXFileReference; lastKnownFileType = wrapper.framework; path = KiiSDK.framework; sourceTree = "<group>"; };
		AC6A5404188E4D3E0094044F /* MobileCoreServices.framework */ = {isa = PBXFileReference; lastKnownFileType = wrapper.framework; name = MobileCoreServices.framework; path = System/Library/Frameworks/MobileCoreServices.framework; sourceTree = SDKROOT; };
		AC6A5406188E4D570094044F /* Accounts.framework */ = {isa = PBXFileReference; lastKnownFileType = wrapper.framework; name = Accounts.framework; path = System/Library/Frameworks/Accounts.framework; sourceTree = SDKROOT; };
		AC6A5408188E4D690094044F /* Twitter.framework */ = {isa = PBXFileReference; lastKnownFileType = wrapper.framework; name = Twitter.framework; path = System/Library/Frameworks/Twitter.framework; sourceTree = SDKROOT; };
		AC6A540A188E74960094044F /* KRanking.hxxx */ = {isa = PBXFileReference; lastKnownFileType = text; path = KRanking.hxxx; sourceTree = "<group>"; };
		AC6A540B188E74FE0094044F /* KRanking.mmxxx */ = {isa = PBXFileReference; fileEncoding = 4; lastKnownFileType = text; path = KRanking.mmxxx; sourceTree = "<group>"; };
		AC70BCE61890AD1B006B8B9C /* KRanking_objc.h */ = {isa = PBXFileReference; fileEncoding = 4; lastKnownFileType = sourcecode.c.h; path = KRanking_objc.h; sourceTree = "<group>"; };
		AC70BCE71890AD1B006B8B9C /* KRanking_objc.mm */ = {isa = PBXFileReference; fileEncoding = 4; lastKnownFileType = sourcecode.cpp.objcpp; path = KRanking_objc.mm; sourceTree = "<group>"; };
		AC78638B188E1EF50051FACF /* cocos2dx.xcodeproj */ = {isa = PBXFileReference; lastKnownFileType = "wrapper.pb-project"; name = cocos2dx.xcodeproj; path = ../../../../../cocos2dx/proj.ios/cocos2dx.xcodeproj; sourceTree = "<group>"; };
		AC786397188E22500051FACF /* picojson.h */ = {isa = PBXFileReference; fileEncoding = 4; lastKnownFileType = sourcecode.c.h; path = picojson.h; sourceTree = "<group>"; };
		AC786398188E22500051FACF /* RankingScene.cpp */ = {isa = PBXFileReference; fileEncoding = 4; lastKnownFileType = sourcecode.cpp.cpp; path = RankingScene.cpp; sourceTree = "<group>"; };
		AC786399188E22500051FACF /* RankingScene.h */ = {isa = PBXFileReference; fileEncoding = 4; lastKnownFileType = sourcecode.c.h; path = RankingScene.h; sourceTree = "<group>"; };
		AC78639A188E22500051FACF /* StartScene.cpp */ = {isa = PBXFileReference; fileEncoding = 4; lastKnownFileType = sourcecode.cpp.cpp; path = StartScene.cpp; sourceTree = "<group>"; };
		AC78639B188E22500051FACF /* StartScene.h */ = {isa = PBXFileReference; fileEncoding = 4; lastKnownFileType = sourcecode.c.h; path = StartScene.h; sourceTree = "<group>"; };
		AC7863A1188E24D30051FACF /* CDAudioManager.h */ = {isa = PBXFileReference; lastKnownFileType = sourcecode.c.h; path = CDAudioManager.h; sourceTree = "<group>"; };
		AC7863A2188E24D30051FACF /* CDAudioManager.m */ = {isa = PBXFileReference; lastKnownFileType = sourcecode.c.objc; path = CDAudioManager.m; sourceTree = "<group>"; };
		AC7863A3188E24D30051FACF /* CDConfig.h */ = {isa = PBXFileReference; lastKnownFileType = sourcecode.c.h; path = CDConfig.h; sourceTree = "<group>"; };
		AC7863A4188E24D30051FACF /* CDOpenALSupport.h */ = {isa = PBXFileReference; lastKnownFileType = sourcecode.c.h; path = CDOpenALSupport.h; sourceTree = "<group>"; };
		AC7863A5188E24D30051FACF /* CDOpenALSupport.m */ = {isa = PBXFileReference; lastKnownFileType = sourcecode.c.objc; path = CDOpenALSupport.m; sourceTree = "<group>"; };
		AC7863A6188E24D30051FACF /* CocosDenshion.h */ = {isa = PBXFileReference; lastKnownFileType = sourcecode.c.h; path = CocosDenshion.h; sourceTree = "<group>"; };
		AC7863A7188E24D30051FACF /* CocosDenshion.m */ = {isa = PBXFileReference; lastKnownFileType = sourcecode.c.objc; path = CocosDenshion.m; sourceTree = "<group>"; };
		AC7863A8188E24D30051FACF /* SimpleAudioEngine.mm */ = {isa = PBXFileReference; lastKnownFileType = sourcecode.cpp.objcpp; path = SimpleAudioEngine.mm; sourceTree = "<group>"; };
		AC7863A9188E24D30051FACF /* SimpleAudioEngine_objc.h */ = {isa = PBXFileReference; lastKnownFileType = sourcecode.c.h; path = SimpleAudioEngine_objc.h; sourceTree = "<group>"; };
		AC7863AA188E24D30051FACF /* SimpleAudioEngine_objc.m */ = {isa = PBXFileReference; lastKnownFileType = sourcecode.c.objc; path = SimpleAudioEngine_objc.m; sourceTree = "<group>"; };
		AC7863B1188E26750051FACF /* bt_ranking.png */ = {isa = PBXFileReference; lastKnownFileType = image.png; path = bt_ranking.png; sourceTree = "<group>"; };
		AC7863B2188E26750051FACF /* bt_start.png */ = {isa = PBXFileReference; lastKnownFileType = image.png; path = bt_start.png; sourceTree = "<group>"; };
		AC7863B3188E26750051FACF /* bt_title.png */ = {isa = PBXFileReference; lastKnownFileType = image.png; path = bt_title.png; sourceTree = "<group>"; };
		AC905A86188F79F0005E8947 /* CallCPP.h */ = {isa = PBXFileReference; lastKnownFileType = sourcecode.c.h; path = CallCPP.h; sourceTree = "<group>"; };
		AC905A87188F7A09005E8947 /* CallCPP.cpp */ = {isa = PBXFileReference; fileEncoding = 4; lastKnownFileType = sourcecode.cpp.cpp; path = CallCPP.cpp; sourceTree = "<group>"; };
		AC905A89188F8B77005E8947 /* CallFromCPP.h */ = {isa = PBXFileReference; lastKnownFileType = sourcecode.c.h; path = CallFromCPP.h; sourceTree = "<group>"; };
		AC905A8A188F8B84005E8947 /* CallFromCPP.mm */ = {isa = PBXFileReference; fileEncoding = 4; lastKnownFileType = sourcecode.cpp.objcpp; path = CallFromCPP.mm; sourceTree = "<group>"; };
		AC905A8C188F9153005E8947 /* kiiIF.cpp */ = {isa = PBXFileReference; fileEncoding = 4; lastKnownFileType = sourcecode.cpp.cpp; path = kiiIF.cpp; sourceTree = "<group>"; };
		AC905A8E188F9533005E8947 /* KillIF.h */ = {isa = PBXFileReference; lastKnownFileType = sourcecode.c.h; path = KillIF.h; sourceTree = "<group>"; };
		AC92D73518965D160008E991 /* Android.mk */ = {isa = PBXFileReference; fileEncoding = 4; lastKnownFileType = text; path = Android.mk; sourceTree = "<group>"; };
		AC92D73718965D160008E991 /* AssetsManager.cpp */ = {isa = PBXFileReference; fileEncoding = 4; lastKnownFileType = sourcecode.cpp.cpp; path = AssetsManager.cpp; sourceTree = "<group>"; };
		AC92D73818965D160008E991 /* AssetsManager.h */ = {isa = PBXFileReference; fileEncoding = 4; lastKnownFileType = sourcecode.c.h; path = AssetsManager.h; sourceTree = "<group>"; };
		AC92D76E18965D160008E991 /* cocos-ext.h */ = {isa = PBXFileReference; fileEncoding = 4; lastKnownFileType = sourcecode.c.h; path = "cocos-ext.h"; sourceTree = "<group>"; };
		AC92D80318965D160008E991 /* ExtensionMacros.h */ = {isa = PBXFileReference; fileEncoding = 4; lastKnownFileType = sourcecode.c.h; path = ExtensionMacros.h; sourceTree = "<group>"; };
		AC92D80618965D160008E991 /* CCControl.cpp */ = {isa = PBXFileReference; fileEncoding = 4; lastKnownFileType = sourcecode.cpp.cpp; path = CCControl.cpp; sourceTree = "<group>"; };
		AC92D80718965D160008E991 /* CCControl.h */ = {isa = PBXFileReference; fileEncoding = 4; lastKnownFileType = sourcecode.c.h; path = CCControl.h; sourceTree = "<group>"; };
		AC92D80818965D160008E991 /* CCControlButton.cpp */ = {isa = PBXFileReference; fileEncoding = 4; lastKnownFileType = sourcecode.cpp.cpp; path = CCControlButton.cpp; sourceTree = "<group>"; };
		AC92D80918965D160008E991 /* CCControlButton.h */ = {isa = PBXFileReference; fileEncoding = 4; lastKnownFileType = sourcecode.c.h; path = CCControlButton.h; sourceTree = "<group>"; };
		AC92D80A18965D160008E991 /* CCControlColourPicker.cpp */ = {isa = PBXFileReference; fileEncoding = 4; lastKnownFileType = sourcecode.cpp.cpp; path = CCControlColourPicker.cpp; sourceTree = "<group>"; };
		AC92D80B18965D160008E991 /* CCControlColourPicker.h */ = {isa = PBXFileReference; fileEncoding = 4; lastKnownFileType = sourcecode.c.h; path = CCControlColourPicker.h; sourceTree = "<group>"; };
		AC92D80C18965D160008E991 /* CCControlExtensions.h */ = {isa = PBXFileReference; fileEncoding = 4; lastKnownFileType = sourcecode.c.h; path = CCControlExtensions.h; sourceTree = "<group>"; };
		AC92D80D18965D160008E991 /* CCControlHuePicker.cpp */ = {isa = PBXFileReference; fileEncoding = 4; lastKnownFileType = sourcecode.cpp.cpp; path = CCControlHuePicker.cpp; sourceTree = "<group>"; };
		AC92D80E18965D160008E991 /* CCControlHuePicker.h */ = {isa = PBXFileReference; fileEncoding = 4; lastKnownFileType = sourcecode.c.h; path = CCControlHuePicker.h; sourceTree = "<group>"; };
		AC92D80F18965D160008E991 /* CCControlPotentiometer.cpp */ = {isa = PBXFileReference; fileEncoding = 4; lastKnownFileType = sourcecode.cpp.cpp; path = CCControlPotentiometer.cpp; sourceTree = "<group>"; };
		AC92D81018965D160008E991 /* CCControlPotentiometer.h */ = {isa = PBXFileReference; fileEncoding = 4; lastKnownFileType = sourcecode.c.h; path = CCControlPotentiometer.h; sourceTree = "<group>"; };
		AC92D81118965D160008E991 /* CCControlSaturationBrightnessPicker.cpp */ = {isa = PBXFileReference; fileEncoding = 4; lastKnownFileType = sourcecode.cpp.cpp; path = CCControlSaturationBrightnessPicker.cpp; sourceTree = "<group>"; };
		AC92D81218965D160008E991 /* CCControlSaturationBrightnessPicker.h */ = {isa = PBXFileReference; fileEncoding = 4; lastKnownFileType = sourcecode.c.h; path = CCControlSaturationBrightnessPicker.h; sourceTree = "<group>"; };
		AC92D81318965D160008E991 /* CCControlSlider.cpp */ = {isa = PBXFileReference; fileEncoding = 4; lastKnownFileType = sourcecode.cpp.cpp; path = CCControlSlider.cpp; sourceTree = "<group>"; };
		AC92D81418965D160008E991 /* CCControlSlider.h */ = {isa = PBXFileReference; fileEncoding = 4; lastKnownFileType = sourcecode.c.h; path = CCControlSlider.h; sourceTree = "<group>"; };
		AC92D81518965D160008E991 /* CCControlStepper.cpp */ = {isa = PBXFileReference; fileEncoding = 4; lastKnownFileType = sourcecode.cpp.cpp; path = CCControlStepper.cpp; sourceTree = "<group>"; };
		AC92D81618965D160008E991 /* CCControlStepper.h */ = {isa = PBXFileReference; fileEncoding = 4; lastKnownFileType = sourcecode.c.h; path = CCControlStepper.h; sourceTree = "<group>"; };
		AC92D81718965D160008E991 /* CCControlSwitch.cpp */ = {isa = PBXFileReference; fileEncoding = 4; lastKnownFileType = sourcecode.cpp.cpp; path = CCControlSwitch.cpp; sourceTree = "<group>"; };
		AC92D81818965D160008E991 /* CCControlSwitch.h */ = {isa = PBXFileReference; fileEncoding = 4; lastKnownFileType = sourcecode.c.h; path = CCControlSwitch.h; sourceTree = "<group>"; };
		AC92D81918965D160008E991 /* CCControlUtils.cpp */ = {isa = PBXFileReference; fileEncoding = 4; lastKnownFileType = sourcecode.cpp.cpp; path = CCControlUtils.cpp; sourceTree = "<group>"; };
		AC92D81A18965D160008E991 /* CCControlUtils.h */ = {isa = PBXFileReference; fileEncoding = 4; lastKnownFileType = sourcecode.c.h; path = CCControlUtils.h; sourceTree = "<group>"; };
		AC92D81B18965D160008E991 /* CCInvocation.cpp */ = {isa = PBXFileReference; fileEncoding = 4; lastKnownFileType = sourcecode.cpp.cpp; path = CCInvocation.cpp; sourceTree = "<group>"; };
		AC92D81C18965D160008E991 /* CCInvocation.h */ = {isa = PBXFileReference; fileEncoding = 4; lastKnownFileType = sourcecode.c.h; path = CCInvocation.h; sourceTree = "<group>"; };
		AC92D81D18965D160008E991 /* CCScale9Sprite.cpp */ = {isa = PBXFileReference; fileEncoding = 4; lastKnownFileType = sourcecode.cpp.cpp; path = CCScale9Sprite.cpp; sourceTree = "<group>"; };
		AC92D81E18965D160008E991 /* CCScale9Sprite.h */ = {isa = PBXFileReference; fileEncoding = 4; lastKnownFileType = sourcecode.c.h; path = CCScale9Sprite.h; sourceTree = "<group>"; };
		AC92D82018965D160008E991 /* CCEditBox.cpp */ = {isa = PBXFileReference; fileEncoding = 4; lastKnownFileType = sourcecode.cpp.cpp; path = CCEditBox.cpp; sourceTree = "<group>"; };
		AC92D82118965D160008E991 /* CCEditBox.h */ = {isa = PBXFileReference; fileEncoding = 4; lastKnownFileType = sourcecode.c.h; path = CCEditBox.h; sourceTree = "<group>"; };
		AC92D82218965D160008E991 /* CCEditBoxImpl.h */ = {isa = PBXFileReference; fileEncoding = 4; lastKnownFileType = sourcecode.c.h; path = CCEditBoxImpl.h; sourceTree = "<group>"; };
		AC92D82318965D160008E991 /* CCEditBoxImplAndroid.cpp */ = {isa = PBXFileReference; fileEncoding = 4; lastKnownFileType = sourcecode.cpp.cpp; path = CCEditBoxImplAndroid.cpp; sourceTree = "<group>"; };
		AC92D82418965D160008E991 /* CCEditBoxImplAndroid.h */ = {isa = PBXFileReference; fileEncoding = 4; lastKnownFileType = sourcecode.c.h; path = CCEditBoxImplAndroid.h; sourceTree = "<group>"; };
		AC92D82518965D160008E991 /* CCEditBoxImplIOS.h */ = {isa = PBXFileReference; fileEncoding = 4; lastKnownFileType = sourcecode.c.h; path = CCEditBoxImplIOS.h; sourceTree = "<group>"; };
		AC92D82618965D160008E991 /* CCEditBoxImplIOS.mm */ = {isa = PBXFileReference; fileEncoding = 4; lastKnownFileType = sourcecode.cpp.objcpp; path = CCEditBoxImplIOS.mm; sourceTree = "<group>"; };
		AC92D82718965D160008E991 /* CCEditBoxImplMac.h */ = {isa = PBXFileReference; fileEncoding = 4; lastKnownFileType = sourcecode.c.h; path = CCEditBoxImplMac.h; sourceTree = "<group>"; };
		AC92D82818965D170008E991 /* CCEditBoxImplMac.mm */ = {isa = PBXFileReference; fileEncoding = 4; lastKnownFileType = sourcecode.cpp.objcpp; path = CCEditBoxImplMac.mm; sourceTree = "<group>"; };
		AC92D82918965D170008E991 /* CCEditBoxImplNone.cpp */ = {isa = PBXFileReference; fileEncoding = 4; lastKnownFileType = sourcecode.cpp.cpp; path = CCEditBoxImplNone.cpp; sourceTree = "<group>"; };
		AC92D82A18965D170008E991 /* CCEditBoxImplTizen.cpp */ = {isa = PBXFileReference; fileEncoding = 4; lastKnownFileType = sourcecode.cpp.cpp; path = CCEditBoxImplTizen.cpp; sourceTree = "<group>"; };
		AC92D82B18965D170008E991 /* CCEditBoxImplTizen.h */ = {isa = PBXFileReference; fileEncoding = 4; lastKnownFileType = sourcecode.c.h; path = CCEditBoxImplTizen.h; sourceTree = "<group>"; };
		AC92D82C18965D170008E991 /* CCEditBoxImplWin.cpp */ = {isa = PBXFileReference; fileEncoding = 4; lastKnownFileType = sourcecode.cpp.cpp; path = CCEditBoxImplWin.cpp; sourceTree = "<group>"; };
		AC92D82D18965D170008E991 /* CCEditBoxImplWin.h */ = {isa = PBXFileReference; fileEncoding = 4; lastKnownFileType = sourcecode.c.h; path = CCEditBoxImplWin.h; sourceTree = "<group>"; };
		AC92D82F18965D170008E991 /* CCScrollView.cpp */ = {isa = PBXFileReference; fileEncoding = 4; lastKnownFileType = sourcecode.cpp.cpp; path = CCScrollView.cpp; sourceTree = "<group>"; };
		AC92D83018965D170008E991 /* CCScrollView.h */ = {isa = PBXFileReference; fileEncoding = 4; lastKnownFileType = sourcecode.c.h; path = CCScrollView.h; sourceTree = "<group>"; };
		AC92D83118965D170008E991 /* CCSorting.cpp */ = {isa = PBXFileReference; fileEncoding = 4; lastKnownFileType = sourcecode.cpp.cpp; path = CCSorting.cpp; sourceTree = "<group>"; };
		AC92D83218965D170008E991 /* CCSorting.h */ = {isa = PBXFileReference; fileEncoding = 4; lastKnownFileType = sourcecode.c.h; path = CCSorting.h; sourceTree = "<group>"; };
		AC92D83318965D170008E991 /* CCTableView.cpp */ = {isa = PBXFileReference; fileEncoding = 4; lastKnownFileType = sourcecode.cpp.cpp; path = CCTableView.cpp; sourceTree = "<group>"; };
		AC92D83418965D170008E991 /* CCTableView.h */ = {isa = PBXFileReference; fileEncoding = 4; lastKnownFileType = sourcecode.c.h; path = CCTableView.h; sourceTree = "<group>"; };
		AC92D83518965D170008E991 /* CCTableViewCell.cpp */ = {isa = PBXFileReference; fileEncoding = 4; lastKnownFileType = sourcecode.cpp.cpp; path = CCTableViewCell.cpp; sourceTree = "<group>"; };
		AC92D83618965D170008E991 /* CCTableViewCell.h */ = {isa = PBXFileReference; fileEncoding = 4; lastKnownFileType = sourcecode.c.h; path = CCTableViewCell.h; sourceTree = "<group>"; };
		AC92D83C18965D170008E991 /* HttpClient.cpp */ = {isa = PBXFileReference; fileEncoding = 4; lastKnownFileType = sourcecode.cpp.cpp; path = HttpClient.cpp; sourceTree = "<group>"; };
		AC92D83D18965D170008E991 /* HttpClient.h */ = {isa = PBXFileReference; fileEncoding = 4; lastKnownFileType = sourcecode.c.h; path = HttpClient.h; sourceTree = "<group>"; };
		AC92D83E18965D170008E991 /* HttpRequest.h */ = {isa = PBXFileReference; fileEncoding = 4; lastKnownFileType = sourcecode.c.h; path = HttpRequest.h; sourceTree = "<group>"; };
		AC92D83F18965D170008E991 /* HttpResponse.h */ = {isa = PBXFileReference; fileEncoding = 4; lastKnownFileType = sourcecode.c.h; path = HttpResponse.h; sourceTree = "<group>"; };
		AC92D84018965D170008E991 /* WebSocket.cpp */ = {isa = PBXFileReference; fileEncoding = 4; lastKnownFileType = sourcecode.cpp.cpp; path = WebSocket.cpp; sourceTree = "<group>"; };
		AC92D84118965D170008E991 /* WebSocket.h */ = {isa = PBXFileReference; fileEncoding = 4; lastKnownFileType = sourcecode.c.h; path = WebSocket.h; sourceTree = "<group>"; };
		AC92D84318965D170008E991 /* CCPhysicsDebugNode.cpp */ = {isa = PBXFileReference; fileEncoding = 4; lastKnownFileType = sourcecode.cpp.cpp; path = CCPhysicsDebugNode.cpp; sourceTree = "<group>"; };
		AC92D84418965D170008E991 /* CCPhysicsDebugNode.h */ = {isa = PBXFileReference; fileEncoding = 4; lastKnownFileType = sourcecode.c.h; path = CCPhysicsDebugNode.h; sourceTree = "<group>"; };
		AC92D84518965D170008E991 /* CCPhysicsSprite.cpp */ = {isa = PBXFileReference; fileEncoding = 4; lastKnownFileType = sourcecode.cpp.cpp; path = CCPhysicsSprite.cpp; sourceTree = "<group>"; };
		AC92D84618965D170008E991 /* CCPhysicsSprite.h */ = {isa = PBXFileReference; fileEncoding = 4; lastKnownFileType = sourcecode.c.h; path = CCPhysicsSprite.h; sourceTree = "<group>"; };
		ACA77310188E1A1E00C2EBAA /* Export.h */ = {isa = PBXFileReference; fileEncoding = 4; lastKnownFileType = sourcecode.c.h; path = Export.h; sourceTree = "<group>"; };
		ACA77311188E1A1E00C2EBAA /* SimpleAudioEngine.h */ = {isa = PBXFileReference; fileEncoding = 4; lastKnownFileType = sourcecode.c.h; path = SimpleAudioEngine.h; sourceTree = "<group>"; };
		BF137426128A8E4600D9F789 /* QuartzCore.framework */ = {isa = PBXFileReference; lastKnownFileType = wrapper.framework; name = QuartzCore.framework; path = System/Library/Frameworks/QuartzCore.framework; sourceTree = SDKROOT; };
		BF23D4E3143315EB00657E08 /* AppDelegate.cpp */ = {isa = PBXFileReference; fileEncoding = 4; lastKnownFileType = sourcecode.cpp.cpp; path = AppDelegate.cpp; sourceTree = "<group>"; };
		BF23D4E4143315EB00657E08 /* AppDelegate.h */ = {isa = PBXFileReference; fileEncoding = 4; lastKnownFileType = sourcecode.c.h; path = AppDelegate.h; sourceTree = "<group>"; };
		BF23D4E5143315EB00657E08 /* HelloWorldScene.cpp */ = {isa = PBXFileReference; fileEncoding = 4; lastKnownFileType = sourcecode.cpp.cpp; path = HelloWorldScene.cpp; sourceTree = "<group>"; };
		BF23D4E6143315EB00657E08 /* HelloWorldScene.h */ = {isa = PBXFileReference; fileEncoding = 4; lastKnownFileType = sourcecode.c.h; path = HelloWorldScene.h; sourceTree = "<group>"; };
		BF365AA612A103F70050DCF4 /* AppController.h */ = {isa = PBXFileReference; fileEncoding = 4; lastKnownFileType = sourcecode.c.h; path = AppController.h; sourceTree = "<group>"; };
		BF365AA712A103F70050DCF4 /* AppController.mm */ = {isa = PBXFileReference; fileEncoding = 4; lastKnownFileType = sourcecode.cpp.objcpp; path = AppController.mm; sourceTree = "<group>"; };
		BF492B6912891AC600A09262 /* libz.dylib */ = {isa = PBXFileReference; lastKnownFileType = "compiled.mach-o.dylib"; name = libz.dylib; path = usr/lib/libz.dylib; sourceTree = SDKROOT; };
		BF492C21128924A800A09262 /* libxml2.dylib */ = {isa = PBXFileReference; lastKnownFileType = "compiled.mach-o.dylib"; name = libxml2.dylib; path = usr/lib/libxml2.dylib; sourceTree = SDKROOT; };
		BF492D4B1289302400A09262 /* OpenGLES.framework */ = {isa = PBXFileReference; lastKnownFileType = wrapper.framework; name = OpenGLES.framework; path = System/Library/Frameworks/OpenGLES.framework; sourceTree = SDKROOT; };
		BF4DE6AB138BB89600CF907D /* RootViewController.h */ = {isa = PBXFileReference; fileEncoding = 4; lastKnownFileType = sourcecode.c.h; path = RootViewController.h; sourceTree = "<group>"; };
		BF4DE6AC138BB89600CF907D /* RootViewController.mm */ = {isa = PBXFileReference; fileEncoding = 4; lastKnownFileType = sourcecode.cpp.objcpp; path = RootViewController.mm; sourceTree = "<group>"; };
		D41A0AC5160F14F5004552AE /* Default-568h@2x.png */ = {isa = PBXFileReference; lastKnownFileType = image.png; name = "Default-568h@2x.png"; path = "../proj.ios/Default-568h@2x.png"; sourceTree = "<group>"; };
		D446FD46161020AB000ADA7B /* Default@2x.png */ = {isa = PBXFileReference; lastKnownFileType = image.png; name = "Default@2x.png"; path = "../proj.ios/Default@2x.png"; sourceTree = "<group>"; };
		D4ABB4B213B4395300552E6E /* main.m */ = {isa = PBXFileReference; fileEncoding = 4; lastKnownFileType = sourcecode.c.objc; path = main.m; sourceTree = "<group>"; };
		D4E6BC9015FCB5BA008BF525 /* GameOverScene.cpp */ = {isa = PBXFileReference; fileEncoding = 4; lastKnownFileType = sourcecode.cpp.cpp; path = GameOverScene.cpp; sourceTree = "<group>"; };
		D4E6BC9115FCB5BA008BF525 /* GameOverScene.h */ = {isa = PBXFileReference; fileEncoding = 4; lastKnownFileType = sourcecode.c.h; path = GameOverScene.h; sourceTree = "<group>"; };
		D4E6BCC415FCB6AA008BF525 /* background-music-aac.wav */ = {isa = PBXFileReference; lastKnownFileType = audio.wav; path = "background-music-aac.wav"; sourceTree = "<group>"; };
		D4E6BCC515FCB6AA008BF525 /* hd */ = {isa = PBXFileReference; lastKnownFileType = folder; path = hd; sourceTree = "<group>"; };
		D4E6BCC615FCB6AA008BF525 /* pew-pew-lei.wav */ = {isa = PBXFileReference; lastKnownFileType = audio.wav; path = "pew-pew-lei.wav"; sourceTree = "<group>"; };
		D4E6BCC715FCB6AA008BF525 /* sd */ = {isa = PBXFileReference; lastKnownFileType = folder; path = sd; sourceTree = "<group>"; };
		D4EF94E715BD319200D803EB /* Icon-57.png */ = {isa = PBXFileReference; lastKnownFileType = image.png; name = "Icon-57.png"; path = "../proj.ios/Icon-57.png"; sourceTree = "<group>"; };
		D4EF94E915BD319500D803EB /* Icon-114.png */ = {isa = PBXFileReference; lastKnownFileType = image.png; name = "Icon-114.png"; path = "../proj.ios/Icon-114.png"; sourceTree = "<group>"; };
		D4EF94EB15BD319B00D803EB /* Icon-72.png */ = {isa = PBXFileReference; lastKnownFileType = image.png; name = "Icon-72.png"; path = "../proj.ios/Icon-72.png"; sourceTree = "<group>"; };
		D4EF94ED15BD319D00D803EB /* Icon-144.png */ = {isa = PBXFileReference; lastKnownFileType = image.png; name = "Icon-144.png"; path = "../proj.ios/Icon-144.png"; sourceTree = "<group>"; };
/* End PBXFileReference section */

/* Begin PBXFrameworksBuildPhase section */
		1D60588F0D05DD3D006BFB54 /* Frameworks */ = {
			isa = PBXFrameworksBuildPhase;
			buildActionMask = 2147483647;
			files = (
				AC6A5409188E4D690094044F /* Twitter.framework in Frameworks */,
				AC6A5407188E4D570094044F /* Accounts.framework in Frameworks */,
				AC6A5405188E4D3E0094044F /* MobileCoreServices.framework in Frameworks */,
				AC786396188E21860051FACF /* libcocos2dx.a in Frameworks */,
				D4E6BCCE15FCBAD7008BF525 /* AudioToolbox.framework in Frameworks */,
				D4E6BCCD15FCBAC8008BF525 /* AVFoundation.framework in Frameworks */,
				D4E6BCCC15FCBABC008BF525 /* OpenAL.framework in Frameworks */,
				1D60589F0D05DD5A006BFB54 /* Foundation.framework in Frameworks */,
				1DF5F4E00D08C38300B7A737 /* UIKit.framework in Frameworks */,
				288765A50DF7441C002DB57D /* CoreGraphics.framework in Frameworks */,
				BF1373EF128A898400D9F789 /* OpenGLES.framework in Frameworks */,
				BF1373F0128A899500D9F789 /* libxml2.dylib in Frameworks */,
				BF1373F1128A899E00D9F789 /* libz.dylib in Frameworks */,
				BF13742F128A8E6A00D9F789 /* QuartzCore.framework in Frameworks */,
				AC6A5403188E47030094044F /* KiiSDK.framework in Frameworks */,
			);
			runOnlyForDeploymentPostprocessing = 0;
		};
/* End PBXFrameworksBuildPhase section */

/* Begin PBXGroup section */
		19C28FACFE9D520D11CA2CBB /* Products */ = {
			isa = PBXGroup;
			children = (
				1D6058910D05DD3D006BFB54 /* SimpleGame.app */,
			);
			name = Products;
			sourceTree = "<group>";
		};
		29B97314FDCFA39411CA2CEA /* CustomTemplate */ = {
			isa = PBXGroup;
			children = (
				AC92D73418965D160008E991 /* extensions */,
				AC6A5402188E47030094044F /* KiiSDK.framework */,
				AC7863A0188E24D30051FACF /* iosCocosDenshion */,
				AC78638B188E1EF50051FACF /* cocos2dx.xcodeproj */,
				ACA7730F188E1A1E00C2EBAA /* include */,
				BF23D4E2143315EB00657E08 /* Classes */,
				29B97323FDCFA39411CA2CEA /* Frameworks */,
				BF5681CC1313A84D0055EEAC /* ios */,
				19C28FACFE9D520D11CA2CBB /* Products */,
				784521C214EBA449009D533B /* Resources */,
			);
			name = CustomTemplate;
			sourceTree = "<group>";
		};
		29B97323FDCFA39411CA2CEA /* Frameworks */ = {
			isa = PBXGroup;
			children = (
				AC6A5408188E4D690094044F /* Twitter.framework */,
				AC6A5406188E4D570094044F /* Accounts.framework */,
				AC6A5404188E4D3E0094044F /* MobileCoreServices.framework */,
				BF492B6912891AC600A09262 /* libz.dylib */,
				BF137426128A8E4600D9F789 /* QuartzCore.framework */,
				BF492D4B1289302400A09262 /* OpenGLES.framework */,
				BF492C21128924A800A09262 /* libxml2.dylib */,
				1DF5F4DF0D08C38300B7A737 /* UIKit.framework */,
				1D30AB110D05D00D00671497 /* Foundation.framework */,
				288765A40DF7441C002DB57D /* CoreGraphics.framework */,
				781C33B11547F06B00633F88 /* OpenAL.framework */,
				781C33B31547F06B00633F88 /* AudioToolbox.framework */,
				781C33B51547F06B00633F88 /* AVFoundation.framework */,
			);
			name = Frameworks;
			sourceTree = "<group>";
		};
		784521C214EBA449009D533B /* Resources */ = {
			isa = PBXGroup;
			children = (
				AC7863B1188E26750051FACF /* bt_ranking.png */,
				AC7863B2188E26750051FACF /* bt_start.png */,
				AC7863B3188E26750051FACF /* bt_title.png */,
				D4E6BCC415FCB6AA008BF525 /* background-music-aac.wav */,
				D4E6BCC515FCB6AA008BF525 /* hd */,
				D4E6BCC615FCB6AA008BF525 /* pew-pew-lei.wav */,
				D4E6BCC715FCB6AA008BF525 /* sd */,
				D4EF94ED15BD319D00D803EB /* Icon-144.png */,
				D4EF94EB15BD319B00D803EB /* Icon-72.png */,
				D4EF94E915BD319500D803EB /* Icon-114.png */,
				D4EF94E715BD319200D803EB /* Icon-57.png */,
				782F4617153FEDF0009FC2E5 /* Default.png */,
				D446FD46161020AB000ADA7B /* Default@2x.png */,
				D41A0AC5160F14F5004552AE /* Default-568h@2x.png */,
			);
			name = Resources;
			path = ../Resources;
			sourceTree = "<group>";
		};
		AC31C1951896636100B6070C /* spine */ = {
			isa = PBXGroup;
			children = (
				AC31C1961896636100B6070C /* Animation.cpp */,
				AC31C1971896636100B6070C /* Animation.h */,
				AC31C1981896636100B6070C /* AnimationState.cpp */,
				AC31C1991896636100B6070C /* AnimationState.h */,
				AC31C19A1896636100B6070C /* AnimationStateData.cpp */,
				AC31C19B1896636100B6070C /* AnimationStateData.h */,
				AC31C19C1896636100B6070C /* Atlas.cpp */,
				AC31C19D1896636100B6070C /* Atlas.h */,
				AC31C19E1896636100B6070C /* AtlasAttachmentLoader.cpp */,
				AC31C19F1896636100B6070C /* AtlasAttachmentLoader.h */,
				AC31C1A01896636100B6070C /* Attachment.cpp */,
				AC31C1A11896636100B6070C /* Attachment.h */,
				AC31C1A21896636100B6070C /* AttachmentLoader.cpp */,
				AC31C1A31896636100B6070C /* AttachmentLoader.h */,
				AC31C1A41896636100B6070C /* Bone.cpp */,
				AC31C1A51896636100B6070C /* Bone.h */,
				AC31C1A61896636100B6070C /* BoneData.cpp */,
				AC31C1A71896636100B6070C /* BoneData.h */,
				AC31C1A81896636100B6070C /* CCSkeleton.cpp */,
				AC31C1A91896636100B6070C /* CCSkeleton.h */,
				AC31C1AA1896636100B6070C /* CCSkeletonAnimation.cpp */,
				AC31C1AB1896636100B6070C /* CCSkeletonAnimation.h */,
				AC31C1AC1896636100B6070C /* extension.cpp */,
				AC31C1AD1896636100B6070C /* extension.h */,
				AC31C1AE1896636100B6070C /* Json.cpp */,
				AC31C1AF1896636100B6070C /* Json.h */,
				AC31C1B01896636100B6070C /* RegionAttachment.cpp */,
				AC31C1B11896636100B6070C /* RegionAttachment.h */,
				AC31C1B21896636100B6070C /* Skeleton.cpp */,
				AC31C1B31896636100B6070C /* Skeleton.h */,
				AC31C1B41896636100B6070C /* SkeletonData.cpp */,
				AC31C1B51896636100B6070C /* SkeletonData.h */,
				AC31C1B61896636100B6070C /* SkeletonJson.cpp */,
				AC31C1B71896636100B6070C /* SkeletonJson.h */,
				AC31C1B81896636100B6070C /* Skin.cpp */,
				AC31C1B91896636100B6070C /* Skin.h */,
				AC31C1BA1896636100B6070C /* Slot.cpp */,
				AC31C1BB1896636100B6070C /* Slot.h */,
				AC31C1BC1896636100B6070C /* SlotData.cpp */,
				AC31C1BD1896636100B6070C /* SlotData.h */,
				AC31C1BE1896636100B6070C /* spine-cocos2dx.cpp */,
				AC31C1BF1896636100B6070C /* spine-cocos2dx.h */,
				AC31C1C01896636100B6070C /* spine.h */,
			);
			path = spine;
			sourceTree = "<group>";
		};
		AC78638C188E1EF50051FACF /* Products */ = {
			isa = PBXGroup;
			children = (
				AC786390188E1EF50051FACF /* libcocos2dx.a */,
			);
			name = Products;
			sourceTree = "<group>";
		};
		AC7863A0188E24D30051FACF /* iosCocosDenshion */ = {
			isa = PBXGroup;
			children = (
				AC7863A1188E24D30051FACF /* CDAudioManager.h */,
				AC7863A2188E24D30051FACF /* CDAudioManager.m */,
				AC7863A3188E24D30051FACF /* CDConfig.h */,
				AC7863A4188E24D30051FACF /* CDOpenALSupport.h */,
				AC7863A5188E24D30051FACF /* CDOpenALSupport.m */,
				AC7863A6188E24D30051FACF /* CocosDenshion.h */,
				AC7863A7188E24D30051FACF /* CocosDenshion.m */,
				AC7863A8188E24D30051FACF /* SimpleAudioEngine.mm */,
				AC7863A9188E24D30051FACF /* SimpleAudioEngine_objc.h */,
				AC7863AA188E24D30051FACF /* SimpleAudioEngine_objc.m */,
			);
			name = iosCocosDenshion;
			path = ../../../../../CocosDenshion/ios;
			sourceTree = "<group>";
		};
		AC92D73418965D160008E991 /* extensions */ = {
			isa = PBXGroup;
			children = (
				AC31C1951896636100B6070C /* spine */,
				AC92D73518965D160008E991 /* Android.mk */,
				AC92D73618965D160008E991 /* AssetsManager */,
				AC92D76E18965D160008E991 /* cocos-ext.h */,
				AC92D80318965D160008E991 /* ExtensionMacros.h */,
				AC92D80418965D160008E991 /* GUI */,
				AC92D83B18965D170008E991 /* network */,
				AC92D84218965D170008E991 /* physics_nodes */,
			);
			name = extensions;
			path = ../../../../../extensions;
			sourceTree = "<group>";
		};
		AC92D73618965D160008E991 /* AssetsManager */ = {
			isa = PBXGroup;
			children = (
				AC92D73718965D160008E991 /* AssetsManager.cpp */,
				AC92D73818965D160008E991 /* AssetsManager.h */,
			);
			path = AssetsManager;
			sourceTree = "<group>";
		};
		AC92D80418965D160008E991 /* GUI */ = {
			isa = PBXGroup;
			children = (
				AC92D80518965D160008E991 /* CCControlExtension */,
				AC92D81F18965D160008E991 /* CCEditBox */,
				AC92D82E18965D170008E991 /* CCScrollView */,
			);
			path = GUI;
			sourceTree = "<group>";
		};
		AC92D80518965D160008E991 /* CCControlExtension */ = {
			isa = PBXGroup;
			children = (
				AC92D80618965D160008E991 /* CCControl.cpp */,
				AC92D80718965D160008E991 /* CCControl.h */,
				AC92D80818965D160008E991 /* CCControlButton.cpp */,
				AC92D80918965D160008E991 /* CCControlButton.h */,
				AC92D80A18965D160008E991 /* CCControlColourPicker.cpp */,
				AC92D80B18965D160008E991 /* CCControlColourPicker.h */,
				AC92D80C18965D160008E991 /* CCControlExtensions.h */,
				AC92D80D18965D160008E991 /* CCControlHuePicker.cpp */,
				AC92D80E18965D160008E991 /* CCControlHuePicker.h */,
				AC92D80F18965D160008E991 /* CCControlPotentiometer.cpp */,
				AC92D81018965D160008E991 /* CCControlPotentiometer.h */,
				AC92D81118965D160008E991 /* CCControlSaturationBrightnessPicker.cpp */,
				AC92D81218965D160008E991 /* CCControlSaturationBrightnessPicker.h */,
				AC92D81318965D160008E991 /* CCControlSlider.cpp */,
				AC92D81418965D160008E991 /* CCControlSlider.h */,
				AC92D81518965D160008E991 /* CCControlStepper.cpp */,
				AC92D81618965D160008E991 /* CCControlStepper.h */,
				AC92D81718965D160008E991 /* CCControlSwitch.cpp */,
				AC92D81818965D160008E991 /* CCControlSwitch.h */,
				AC92D81918965D160008E991 /* CCControlUtils.cpp */,
				AC92D81A18965D160008E991 /* CCControlUtils.h */,
				AC92D81B18965D160008E991 /* CCInvocation.cpp */,
				AC92D81C18965D160008E991 /* CCInvocation.h */,
				AC92D81D18965D160008E991 /* CCScale9Sprite.cpp */,
				AC92D81E18965D160008E991 /* CCScale9Sprite.h */,
			);
			path = CCControlExtension;
			sourceTree = "<group>";
		};
		AC92D81F18965D160008E991 /* CCEditBox */ = {
			isa = PBXGroup;
			children = (
				AC92D82018965D160008E991 /* CCEditBox.cpp */,
				AC92D82118965D160008E991 /* CCEditBox.h */,
				AC92D82218965D160008E991 /* CCEditBoxImpl.h */,
				AC92D82318965D160008E991 /* CCEditBoxImplAndroid.cpp */,
				AC92D82418965D160008E991 /* CCEditBoxImplAndroid.h */,
				AC92D82518965D160008E991 /* CCEditBoxImplIOS.h */,
				AC92D82618965D160008E991 /* CCEditBoxImplIOS.mm */,
				AC92D82718965D160008E991 /* CCEditBoxImplMac.h */,
				AC92D82818965D170008E991 /* CCEditBoxImplMac.mm */,
				AC92D82918965D170008E991 /* CCEditBoxImplNone.cpp */,
				AC92D82A18965D170008E991 /* CCEditBoxImplTizen.cpp */,
				AC92D82B18965D170008E991 /* CCEditBoxImplTizen.h */,
				AC92D82C18965D170008E991 /* CCEditBoxImplWin.cpp */,
				AC92D82D18965D170008E991 /* CCEditBoxImplWin.h */,
			);
			path = CCEditBox;
			sourceTree = "<group>";
		};
		AC92D82E18965D170008E991 /* CCScrollView */ = {
			isa = PBXGroup;
			children = (
				AC92D82F18965D170008E991 /* CCScrollView.cpp */,
				AC92D83018965D170008E991 /* CCScrollView.h */,
				AC92D83118965D170008E991 /* CCSorting.cpp */,
				AC92D83218965D170008E991 /* CCSorting.h */,
				AC92D83318965D170008E991 /* CCTableView.cpp */,
				AC92D83418965D170008E991 /* CCTableView.h */,
				AC92D83518965D170008E991 /* CCTableViewCell.cpp */,
				AC92D83618965D170008E991 /* CCTableViewCell.h */,
			);
			path = CCScrollView;
			sourceTree = "<group>";
		};
		AC92D83B18965D170008E991 /* network */ = {
			isa = PBXGroup;
			children = (
				AC92D83C18965D170008E991 /* HttpClient.cpp */,
				AC92D83D18965D170008E991 /* HttpClient.h */,
				AC92D83E18965D170008E991 /* HttpRequest.h */,
				AC92D83F18965D170008E991 /* HttpResponse.h */,
				AC92D84018965D170008E991 /* WebSocket.cpp */,
				AC92D84118965D170008E991 /* WebSocket.h */,
			);
			path = network;
			sourceTree = "<group>";
		};
		AC92D84218965D170008E991 /* physics_nodes */ = {
			isa = PBXGroup;
			children = (
				AC92D84318965D170008E991 /* CCPhysicsDebugNode.cpp */,
				AC92D84418965D170008E991 /* CCPhysicsDebugNode.h */,
				AC92D84518965D170008E991 /* CCPhysicsSprite.cpp */,
				AC92D84618965D170008E991 /* CCPhysicsSprite.h */,
			);
			path = physics_nodes;
			sourceTree = "<group>";
		};
		ACA7730F188E1A1E00C2EBAA /* include */ = {
			isa = PBXGroup;
			children = (
				ACA77310188E1A1E00C2EBAA /* Export.h */,
				ACA77311188E1A1E00C2EBAA /* SimpleAudioEngine.h */,
			);
			name = include;
			path = ../../../../../CocosDenshion/include;
			sourceTree = "<group>";
		};
		BF23D4E2143315EB00657E08 /* Classes */ = {
			isa = PBXGroup;
			children = (
				AC52DB8018964789003B8A70 /* PName.cpp */,
				AC52DB8118964789003B8A70 /* PName.h */,
				AC786397188E22500051FACF /* picojson.h */,
				AC786398188E22500051FACF /* RankingScene.cpp */,
				AC786399188E22500051FACF /* RankingScene.h */,
				AC78639A188E22500051FACF /* StartScene.cpp */,
				AC78639B188E22500051FACF /* StartScene.h */,
				BF23D4E3143315EB00657E08 /* AppDelegate.cpp */,
				BF23D4E4143315EB00657E08 /* AppDelegate.h */,
				BF23D4E5143315EB00657E08 /* HelloWorldScene.cpp */,
				D4E6BC9115FCB5BA008BF525 /* GameOverScene.h */,
				BF23D4E6143315EB00657E08 /* HelloWorldScene.h */,
				D4E6BC9015FCB5BA008BF525 /* GameOverScene.cpp */,
				AC905A8C188F9153005E8947 /* kiiIF.cpp */,
				AC905A8E188F9533005E8947 /* KillIF.h */,
			);
			name = Classes;
			path = ../Classes;
			sourceTree = SOURCE_ROOT;
		};
		BF5681CC1313A84D0055EEAC /* ios */ = {
			isa = PBXGroup;
			children = (
				D4ABB4B213B4395300552E6E /* main.m */,
				BF365AA612A103F70050DCF4 /* AppController.h */,
				BF365AA712A103F70050DCF4 /* AppController.mm */,
				BF4DE6AB138BB89600CF907D /* RootViewController.h */,
				BF4DE6AC138BB89600CF907D /* RootViewController.mm */,
				AC6A540A188E74960094044F /* KRanking.hxxx */,
				AC6A540B188E74FE0094044F /* KRanking.mmxxx */,
				AC905A86188F79F0005E8947 /* CallCPP.h */,
				AC905A87188F7A09005E8947 /* CallCPP.cpp */,
				AC905A89188F8B77005E8947 /* CallFromCPP.h */,
				AC905A8A188F8B84005E8947 /* CallFromCPP.mm */,
				AC70BCE61890AD1B006B8B9C /* KRanking_objc.h */,
				AC70BCE71890AD1B006B8B9C /* KRanking_objc.mm */,
			);
			name = ios;
			sourceTree = "<group>";
		};
/* End PBXGroup section */

/* Begin PBXNativeTarget section */
		1D6058900D05DD3D006BFB54 /* SimpleGame */ = {
			isa = PBXNativeTarget;
			buildConfigurationList = 1D6058960D05DD3E006BFB54 /* Build configuration list for PBXNativeTarget "SimpleGame" */;
			buildPhases = (
				1D60588D0D05DD3D006BFB54 /* Resources */,
				1D60588E0D05DD3D006BFB54 /* Sources */,
				1D60588F0D05DD3D006BFB54 /* Frameworks */,
			);
			buildRules = (
			);
			dependencies = (
				AC786392188E1F820051FACF /* PBXTargetDependency */,
			);
			name = SimpleGame;
			productName = HelloWorld;
			productReference = 1D6058910D05DD3D006BFB54 /* SimpleGame.app */;
			productType = "com.apple.product-type.application";
		};
/* End PBXNativeTarget section */

/* Begin PBXProject section */
		29B97313FDCFA39411CA2CEA /* Project object */ = {
			isa = PBXProject;
			attributes = {
				LastUpgradeCheck = 0500;
			};
			buildConfigurationList = C01FCF4E08A954540054247B /* Build configuration list for PBXProject "SimpleGame" */;
			compatibilityVersion = "Xcode 3.2";
			developmentRegion = English;
			hasScannedForEncodings = 1;
			knownRegions = (
				English,
				Japanese,
				French,
				German,
			);
			mainGroup = 29B97314FDCFA39411CA2CEA /* CustomTemplate */;
			projectDirPath = "";
			projectReferences = (
				{
					ProductGroup = AC78638C188E1EF50051FACF /* Products */;
					ProjectRef = AC78638B188E1EF50051FACF /* cocos2dx.xcodeproj */;
				},
			);
			projectRoot = "";
			targets = (
				1D6058900D05DD3D006BFB54 /* SimpleGame */,
			);
		};
/* End PBXProject section */

/* Begin PBXReferenceProxy section */
		AC786390188E1EF50051FACF /* libcocos2dx.a */ = {
			isa = PBXReferenceProxy;
			fileType = archive.ar;
			path = libcocos2dx.a;
			remoteRef = AC78638F188E1EF50051FACF /* PBXContainerItemProxy */;
			sourceTree = BUILT_PRODUCTS_DIR;
		};
/* End PBXReferenceProxy section */

/* Begin PBXResourcesBuildPhase section */
		1D60588D0D05DD3D006BFB54 /* Resources */ = {
			isa = PBXResourcesBuildPhase;
			buildActionMask = 2147483647;
			files = (
				AC7863B6188E26750051FACF /* bt_title.png in Resources */,
				782F4619153FEDF0009FC2E5 /* Default.png in Resources */,
				D4EF94E815BD319200D803EB /* Icon-57.png in Resources */,
				D4EF94EA15BD319500D803EB /* Icon-114.png in Resources */,
				D4EF94EC15BD319B00D803EB /* Icon-72.png in Resources */,
				AC92D89718965D170008E991 /* Android.mk in Resources */,
				AC7863B4188E26750051FACF /* bt_ranking.png in Resources */,
				AC7863B5188E26750051FACF /* bt_start.png in Resources */,
				D4EF94EE15BD319D00D803EB /* Icon-144.png in Resources */,
				D4E6BCC815FCB6AA008BF525 /* background-music-aac.wav in Resources */,
				D4E6BCC915FCB6AA008BF525 /* hd in Resources */,
				D4E6BCCA15FCB6AA008BF525 /* pew-pew-lei.wav in Resources */,
				D4E6BCCB15FCB6AA008BF525 /* sd in Resources */,
				D41A0AC6160F14F5004552AE /* Default-568h@2x.png in Resources */,
				D446FD47161020AC000ADA7B /* Default@2x.png in Resources */,
			);
			runOnlyForDeploymentPostprocessing = 0;
		};
/* End PBXResourcesBuildPhase section */

/* Begin PBXSourcesBuildPhase section */
		1D60588E0D05DD3D006BFB54 /* Sources */ = {
			isa = PBXSourcesBuildPhase;
			buildActionMask = 2147483647;
			files = (
				AC31C1C31896636100B6070C /* AnimationStateData.cpp in Sources */,
				AC52DB8218964789003B8A70 /* PName.cpp in Sources */,
				AC92D8F518965D170008E991 /* CCEditBox.cpp in Sources */,
				AC92D8EF18965D170008E991 /* CCControlSlider.cpp in Sources */,
				AC92D8F618965D170008E991 /* CCEditBoxImplAndroid.cpp in Sources */,
				AC7863AC188E25540051FACF /* CDAudioManager.m in Sources */,
				AC31C1CF1896636100B6070C /* Skeleton.cpp in Sources */,
				AC92D8F218965D170008E991 /* CCControlUtils.cpp in Sources */,
				AC31C1CC1896636100B6070C /* extension.cpp in Sources */,
				AC7863AD188E25540051FACF /* CDOpenALSupport.m in Sources */,
				AC92D8EA18965D170008E991 /* CCControlButton.cpp in Sources */,
				AC92D8FC18965D170008E991 /* CCScrollView.cpp in Sources */,
				AC70BCE81890AD1B006B8B9C /* KRanking_objc.mm in Sources */,
				AC92D8ED18965D170008E991 /* CCControlPotentiometer.cpp in Sources */,
				AC31C1D01896636100B6070C /* SkeletonData.cpp in Sources */,
				AC6A540C188E74FE0094044F /* KRanking.mmxxx in Sources */,
				AC31C1D51896636100B6070C /* spine-cocos2dx.cpp in Sources */,
				AC92D8E918965D170008E991 /* CCControl.cpp in Sources */,
				AC905A8B188F8B84005E8947 /* CallFromCPP.mm in Sources */,
				AC31C1C51896636100B6070C /* AtlasAttachmentLoader.cpp in Sources */,
				AC31C1C11896636100B6070C /* Animation.cpp in Sources */,
				AC7863AE188E25540051FACF /* CocosDenshion.m in Sources */,
				AC92D8F818965D170008E991 /* CCEditBoxImplMac.mm in Sources */,
				AC31C1C71896636100B6070C /* AttachmentLoader.cpp in Sources */,
				AC7863AF188E25540051FACF /* SimpleAudioEngine.mm in Sources */,
				AC92D89818965D170008E991 /* AssetsManager.cpp in Sources */,
				AC92D8FD18965D170008E991 /* CCSorting.cpp in Sources */,
				AC92D8EE18965D170008E991 /* CCControlSaturationBrightnessPicker.cpp in Sources */,
				AC92D90318965D170008E991 /* WebSocket.cpp in Sources */,
				AC92D8F318965D170008E991 /* CCInvocation.cpp in Sources */,
				AC31C1D41896636100B6070C /* SlotData.cpp in Sources */,
				AC92D8F718965D170008E991 /* CCEditBoxImplIOS.mm in Sources */,
				AC7863B0188E25540051FACF /* SimpleAudioEngine_objc.m in Sources */,
				AC92D8FB18965D170008E991 /* CCEditBoxImplWin.cpp in Sources */,
				AC31C1D11896636100B6070C /* SkeletonJson.cpp in Sources */,
				AC31C1D31896636100B6070C /* Slot.cpp in Sources */,
				AC31C1CB1896636100B6070C /* CCSkeletonAnimation.cpp in Sources */,
				AC31C1D21896636100B6070C /* Skin.cpp in Sources */,
				AC92D90518965D170008E991 /* CCPhysicsSprite.cpp in Sources */,
				AC31C1C21896636100B6070C /* AnimationState.cpp in Sources */,
				BF365AA812A103F70050DCF4 /* AppController.mm in Sources */,
				AC92D8FA18965D170008E991 /* CCEditBoxImplTizen.cpp in Sources */,
				AC905A88188F7A09005E8947 /* CallCPP.cpp in Sources */,
				AC31C1C81896636100B6070C /* Bone.cpp in Sources */,
				AC92D8FE18965D170008E991 /* CCTableView.cpp in Sources */,
				AC78639C188E22500051FACF /* RankingScene.cpp in Sources */,
				AC31C1CD1896636100B6070C /* Json.cpp in Sources */,
				BF4DE6AD138BB89600CF907D /* RootViewController.mm in Sources */,
				AC92D8EB18965D170008E991 /* CCControlColourPicker.cpp in Sources */,
				AC92D8F418965D170008E991 /* CCScale9Sprite.cpp in Sources */,
				AC92D90418965D170008E991 /* CCPhysicsDebugNode.cpp in Sources */,
				AC31C1CA1896636100B6070C /* CCSkeleton.cpp in Sources */,
				AC31C1C41896636100B6070C /* Atlas.cpp in Sources */,
				AC905A8D188F9153005E8947 /* kiiIF.cpp in Sources */,
				AC78639D188E22500051FACF /* StartScene.cpp in Sources */,
				D4ABB4B313B4395300552E6E /* main.m in Sources */,
				AC92D8F118965D170008E991 /* CCControlSwitch.cpp in Sources */,
				BF23D4E7143315EB00657E08 /* AppDelegate.cpp in Sources */,
				AC92D8F918965D170008E991 /* CCEditBoxImplNone.cpp in Sources */,
				AC92D8F018965D170008E991 /* CCControlStepper.cpp in Sources */,
				BF23D4E8143315EB00657E08 /* HelloWorldScene.cpp in Sources */,
				AC31C1C61896636100B6070C /* Attachment.cpp in Sources */,
				AC31C1C91896636100B6070C /* BoneData.cpp in Sources */,
				D4E6BC9215FCB5BA008BF525 /* GameOverScene.cpp in Sources */,
				AC92D8FF18965D170008E991 /* CCTableViewCell.cpp in Sources */,
				AC92D90218965D170008E991 /* HttpClient.cpp in Sources */,
				AC31C1CE1896636100B6070C /* RegionAttachment.cpp in Sources */,
				AC92D8EC18965D170008E991 /* CCControlHuePicker.cpp in Sources */,
			);
			runOnlyForDeploymentPostprocessing = 0;
		};
/* End PBXSourcesBuildPhase section */

/* Begin PBXTargetDependency section */
		AC786392188E1F820051FACF /* PBXTargetDependency */ = {
			isa = PBXTargetDependency;
			name = cocos2dx;
			targetProxy = AC786391188E1F820051FACF /* PBXContainerItemProxy */;
		};
/* End PBXTargetDependency section */

/* Begin XCBuildConfiguration section */
		1D6058940D05DD3E006BFB54 /* Debug */ = {
			isa = XCBuildConfiguration;
			buildSettings = {
				ALWAYS_SEARCH_USER_PATHS = NO;
				CODE_SIGN_IDENTITY = "iPhone Developer";
				COPY_PHASE_STRIP = NO;
				FRAMEWORK_SEARCH_PATHS = (
					"$(inherited)",
					"/Users/guest/Documents/cocos2d-x/cocos2d-x-2.2.2/samples/Cpp/SimpleGame02/SimpleGame/proj.ios",
				);
				GCC_DYNAMIC_NO_PIC = NO;
				GCC_INLINES_ARE_PRIVATE_EXTERN = NO;
				GCC_OPTIMIZATION_LEVEL = 0;
				GCC_PRECOMPILE_PREFIX_HEADER = YES;
				GCC_PREFIX_HEADER = SimpleGame_Prefix.pch;
				GCC_PREPROCESSOR_DEFINITIONS = (
					USE_FILE32API,
					CC_TARGET_OS_IPHONE,
					"COCOS2D_DEBUG=1",
				);
				GCC_PREPROCESSOR_DEFINITIONS_NOT_USED_IN_PRECOMPS = "";
				GCC_SYMBOLS_PRIVATE_EXTERN = NO;
				GCC_VERSION = "";
				HEADER_SEARCH_PATHS = (
					"\"$(SDKROOT)/usr/include/libxml2/\"",
					"\"$(SRCROOT)/../../../../../cocos2dx/include\"",
					"\"$(SRCROOT)/../../../../../cocos2dx\"",
					"\"$(SRCROOT)/../../../../../cocos2dx/platform/ios\"",
					"\"$(SRCROOT)/../../../../../cocos2dx/kazmath/include\"",
					"\"$(SRCROOT)/../../../../../extensions\"",
					"\"$(SRCROOT)/../../../../../cocos2dx/extensions\"",
				);
				INFOPLIST_FILE = "SimpleGame-Info.plist";
				IPHONEOS_DEPLOYMENT_TARGET = 4.0;
				LIBRARY_SEARCH_PATHS = (
					"$(inherited)",
					"/Users/guest/Documents/cocos2d-x/cocos2d-x-2.2.2/CocosDenshion/third_party/blackberry/libraries/armle-v7",
					"/Users/guest/Documents/cocos2d-x/cocos2d-x-2.2.2/CocosDenshion/third_party/blackberry/libraries/x86",
				);
				PRODUCT_NAME = SimpleGame;
				PROVISIONING_PROFILE = "";
				SDKROOT = iphoneos;
				TARGETED_DEVICE_FAMILY = "1,2";
				VALID_ARCHS = "armv6 armv7 i386";
			};
			name = Debug;
		};
		1D6058950D05DD3E006BFB54 /* Release */ = {
			isa = XCBuildConfiguration;
			buildSettings = {
				ALWAYS_SEARCH_USER_PATHS = NO;
				CODE_SIGN_IDENTITY = "iPhone Developer";
				COPY_PHASE_STRIP = YES;
				FRAMEWORK_SEARCH_PATHS = (
					"$(inherited)",
					"/Users/guest/Documents/cocos2d-x/cocos2d-x-2.2.2/samples/Cpp/SimpleGame02/SimpleGame/proj.ios",
				);
				GCC_INLINES_ARE_PRIVATE_EXTERN = NO;
				GCC_PRECOMPILE_PREFIX_HEADER = YES;
				GCC_PREFIX_HEADER = SimpleGame_Prefix.pch;
				GCC_PREPROCESSOR_DEFINITIONS = (
					USE_FILE32API,
					CC_TARGET_OS_IPHONE,
				);
				GCC_PREPROCESSOR_DEFINITIONS_NOT_USED_IN_PRECOMPS = "";
				GCC_SYMBOLS_PRIVATE_EXTERN = NO;
				GCC_VERSION = "";
				HEADER_SEARCH_PATHS = (
					"\"$(SDKROOT)/usr/include/libxml2/\"",
					"\"$(SRCROOT)/../../../../../cocos2dx/include\"",
					"\"$(SRCROOT)/../../../../../cocos2dx\"",
					"\"$(SRCROOT)/../../../../../cocos2dx/platform/ios\"",
					"\"$(SRCROOT)/../../../../../cocos2dx/kazmath/include\"",
					"\"$(SRCROOT)/../../../../../extensions\"",
					"\"$(SRCROOT)/../../../../../cocos2dx/extensions\"",
				);
				INFOPLIST_FILE = "SimpleGame-Info.plist";
				IPHONEOS_DEPLOYMENT_TARGET = 4.0;
				LIBRARY_SEARCH_PATHS = (
					"$(inherited)",
					"/Users/guest/Documents/cocos2d-x/cocos2d-x-2.2.2/CocosDenshion/third_party/blackberry/libraries/armle-v7",
					"/Users/guest/Documents/cocos2d-x/cocos2d-x-2.2.2/CocosDenshion/third_party/blackberry/libraries/x86",
				);
				PRODUCT_NAME = SimpleGame;
				PROVISIONING_PROFILE = "";
				SDKROOT = iphoneos;
				TARGETED_DEVICE_FAMILY = "1,2";
				VALIDATE_PRODUCT = YES;
				VALID_ARCHS = "armv6 armv7 i386";
			};
			name = Release;
		};
		C01FCF4F08A954540054247B /* Debug */ = {
			isa = XCBuildConfiguration;
			buildSettings = {
				"CODE_SIGN_IDENTITY[sdk=iphoneos*]" = "iPhone Developer";
				GCC_C_LANGUAGE_STANDARD = c99;
				GCC_VERSION = "";
				GCC_WARN_ABOUT_RETURN_TYPE = YES;
				GCC_WARN_UNUSED_VARIABLE = YES;
				ONLY_ACTIVE_ARCH = YES;
				PREBINDING = NO;
				SDKROOT = iphoneos;
				VALID_ARCHS = "armv6 armv7 i386";
			};
			name = Debug;
		};
		C01FCF5008A954540054247B /* Release */ = {
			isa = XCBuildConfiguration;
			buildSettings = {
				"CODE_SIGN_IDENTITY[sdk=iphoneos*]" = "iPhone Developer";
				GCC_C_LANGUAGE_STANDARD = c99;
				GCC_VERSION = "";
				GCC_WARN_ABOUT_RETURN_TYPE = YES;
				GCC_WARN_UNUSED_VARIABLE = YES;
				OTHER_CFLAGS = "-DNS_BLOCK_ASSERTIONS=1";
				PREBINDING = NO;
				SDKROOT = iphoneos;
				VALID_ARCHS = "armv6 armv7 i386";
			};
			name = Release;
		};
/* End XCBuildConfiguration section */

/* Begin XCConfigurationList section */
		1D6058960D05DD3E006BFB54 /* Build configuration list for PBXNativeTarget "SimpleGame" */ = {
			isa = XCConfigurationList;
			buildConfigurations = (
				1D6058940D05DD3E006BFB54 /* Debug */,
				1D6058950D05DD3E006BFB54 /* Release */,
			);
			defaultConfigurationIsVisible = 0;
			defaultConfigurationName = Release;
		};
		C01FCF4E08A954540054247B /* Build configuration list for PBXProject "SimpleGame" */ = {
			isa = XCConfigurationList;
			buildConfigurations = (
				C01FCF4F08A954540054247B /* Debug */,
				C01FCF5008A954540054247B /* Release */,
			);
			defaultConfigurationIsVisible = 0;
			defaultConfigurationName = Release;
		};
/* End XCConfigurationList section */
	};
	rootObject = 29B97313FDCFA39411CA2CEA /* Project object */;
}
