// !$*UTF8*$!
{
	archiveVersion = 1;
	classes = {
	};
	objectVersion = 46;
	objects = {

/* Begin PBXBuildFile section */
		74132006193817B40002F9FB /* CKiiLogger.cpp in Sources */ = {isa = PBXBuildFile; fileRef = 74132005193817B40002F9FB /* CKiiLogger.cpp */; };
		7413200719381D850002F9FB /* libz.dylib in Frameworks */ = {isa = PBXBuildFile; fileRef = 74DF37FA192CB72D005D2E23 /* libz.dylib */; };
		74BAC63F1932DA9E002D9F1D /* CKiiUser.h in CopyFiles */ = {isa = PBXBuildFile; fileRef = 74DF3842192DF82D005D2E23 /* CKiiUser.h */; };
		74BAC6401932DA9E002D9F1D /* CKiiError.h in CopyFiles */ = {isa = PBXBuildFile; fileRef = 74DF383A192DF81D005D2E23 /* CKiiError.h */; };
		74BAC6461932DC37002D9F1D /* KiiSDK.framework in Frameworks */ = {isa = PBXBuildFile; fileRef = AC931DA118E2D8E1006A9087 /* KiiSDK.framework */; };
		74BAC647193315A4002D9F1D /* libsqlite3.dylib in Frameworks */ = {isa = PBXBuildFile; fileRef = 7417763C19299BA30000C78B /* libsqlite3.dylib */; };
		74BAC648193315AC002D9F1D /* ImageIO.framework in Frameworks */ = {isa = PBXBuildFile; fileRef = 7417763E19299BBC0000C78B /* ImageIO.framework */; };
		74BAC649193315B3002D9F1D /* Social.framework in Frameworks */ = {isa = PBXBuildFile; fileRef = 7417764619299F150000C78B /* Social.framework */; };
		74BAC64A193315B9002D9F1D /* Accounts.framework in Frameworks */ = {isa = PBXBuildFile; fileRef = 7417764219299EF90000C78B /* Accounts.framework */; };
		74BAC64B193315C7002D9F1D /* MobileCoreServices.framework in Frameworks */ = {isa = PBXBuildFile; fileRef = 7417764419299F000000C78B /* MobileCoreServices.framework */; };
		74BAC64C1933161B002D9F1D /* Security.framework in Frameworks */ = {isa = PBXBuildFile; fileRef = 7417764019299BD20000C78B /* Security.framework */; };
		74BAC64D1933166C002D9F1D /* CoreGraphics.framework in Frameworks */ = {isa = PBXBuildFile; fileRef = 74DF37F8192CB703005D2E23 /* CoreGraphics.framework */; };
		74BAC6A3193466F2002D9F1D /* CKiicURLBindings.cpp in Sources */ = {isa = PBXBuildFile; fileRef = 74BAC6A1193466F2002D9F1D /* CKiicURLBindings.cpp */; };
		74BAC6B719346B16002D9F1D /* libcurl-iosdev.a in Frameworks */ = {isa = PBXBuildFile; fileRef = 74BAC6B619346B16002D9F1D /* libcurl-iosdev.a */; };
		74BAC6BD193477DC002D9F1D /* CKiiiOSLogger.mm in Sources */ = {isa = PBXBuildFile; fileRef = 74BAC6BB193477DC002D9F1D /* CKiiiOSLogger.mm */; };
		74BAC6C019347AC5002D9F1D /* CKiiLog.cpp in Sources */ = {isa = PBXBuildFile; fileRef = 74BAC6BE19347AC5002D9F1D /* CKiiLog.cpp */; };
		74DF3815192DF734005D2E23 /* Foundation.framework in Frameworks */ = {isa = PBXBuildFile; fileRef = 1D30AB110D05D00D00671497 /* Foundation.framework */; };
		74DF3822192DF734005D2E23 /* XCTest.framework in Frameworks */ = {isa = PBXBuildFile; fileRef = 74177662192AFDA10000C78B /* XCTest.framework */; };
		74DF3823192DF734005D2E23 /* Foundation.framework in Frameworks */ = {isa = PBXBuildFile; fileRef = 1D30AB110D05D00D00671497 /* Foundation.framework */; };
		74DF3824192DF734005D2E23 /* UIKit.framework in Frameworks */ = {isa = PBXBuildFile; fileRef = 7417764819299F260000C78B /* UIKit.framework */; };
		74DF3827192DF734005D2E23 /* libCKiiSDK.a in Frameworks */ = {isa = PBXBuildFile; fileRef = 74DF3814192DF734005D2E23 /* libCKiiSDK.a */; };
		74DF382D192DF734005D2E23 /* InfoPlist.strings in Resources */ = {isa = PBXBuildFile; fileRef = 74DF382B192DF734005D2E23 /* InfoPlist.strings */; };
		74DF382F192DF734005D2E23 /* CKiiSDKTests.mm in Sources */ = {isa = PBXBuildFile; fileRef = 74DF382E192DF734005D2E23 /* CKiiSDKTests.mm */; };
		74DF383D192DF81D005D2E23 /* CKiiError.cpp in Sources */ = {isa = PBXBuildFile; fileRef = 74DF3839192DF81D005D2E23 /* CKiiError.cpp */; };
		74DF3844192DF82D005D2E23 /* CKiiUser.cpp in Sources */ = {isa = PBXBuildFile; fileRef = 74DF3841192DF82D005D2E23 /* CKiiUser.cpp */; };
		74DF3855192E044E005D2E23 /* CKiiBaseBindings.cpp in Sources */ = {isa = PBXBuildFile; fileRef = 74DF3853192E044E005D2E23 /* CKiiBaseBindings.cpp */; };
		74DF3859192E0812005D2E23 /* KiiSDK.framework in Frameworks */ = {isa = PBXBuildFile; fileRef = AC931DA118E2D8E1006A9087 /* KiiSDK.framework */; };
		74DF385A192E081B005D2E23 /* libsqlite3.0.dylib in Frameworks */ = {isa = PBXBuildFile; fileRef = 74F7DA2A192C44DD0027FBBB /* libsqlite3.0.dylib */; };
		74DF385B192E0823005D2E23 /* ImageIO.framework in Frameworks */ = {isa = PBXBuildFile; fileRef = 7417763E19299BBC0000C78B /* ImageIO.framework */; };
		74DF385C192E082D005D2E23 /* Social.framework in Frameworks */ = {isa = PBXBuildFile; fileRef = 7417764619299F150000C78B /* Social.framework */; };
		74DF385D192E0833005D2E23 /* Accounts.framework in Frameworks */ = {isa = PBXBuildFile; fileRef = 7417764219299EF90000C78B /* Accounts.framework */; };
		74DF385E192E083A005D2E23 /* MobileCoreServices.framework in Frameworks */ = {isa = PBXBuildFile; fileRef = 7417764419299F000000C78B /* MobileCoreServices.framework */; };
		74DF3864192EE86D005D2E23 /* LatchedExecuter.m in Sources */ = {isa = PBXBuildFile; fileRef = 74DF3863192EE86D005D2E23 /* LatchedExecuter.m */; };
/* End PBXBuildFile section */

/* Begin PBXContainerItemProxy section */
		74DF3825192DF734005D2E23 /* PBXContainerItemProxy */ = {
			isa = PBXContainerItemProxy;
			containerPortal = 29B97313FDCFA39411CA2CEA /* Project object */;
			proxyType = 1;
			remoteGlobalIDString = 74DF3813192DF734005D2E23;
			remoteInfo = CKiiSDK;
		};
/* End PBXContainerItemProxy section */

/* Begin PBXCopyFilesBuildPhase section */
		74DF3812192DF734005D2E23 /* CopyFiles */ = {
			isa = PBXCopyFilesBuildPhase;
			buildActionMask = 2147483647;
			dstPath = "include/$(PRODUCT_NAME)";
			dstSubfolderSpec = 16;
			files = (
				74BAC63F1932DA9E002D9F1D /* CKiiUser.h in CopyFiles */,
				74BAC6401932DA9E002D9F1D /* CKiiError.h in CopyFiles */,
			);
			runOnlyForDeploymentPostprocessing = 0;
		};
/* End PBXCopyFilesBuildPhase section */

/* Begin PBXFileReference section */
		1ACB3243164770DE00914215 /* libcurl.a */ = {isa = PBXFileReference; lastKnownFileType = archive.ar; name = libcurl.a; path = ../../cocos2dx/platform/third_party/ios/libraries/libcurl.a; sourceTree = "<group>"; };
		1D30AB110D05D00D00671497 /* Foundation.framework */ = {isa = PBXFileReference; lastKnownFileType = wrapper.framework; name = Foundation.framework; path = System/Library/Frameworks/Foundation.framework; sourceTree = SDKROOT; };
		1DF5F4DF0D08C38300B7A737 /* UIKit.framework */ = {isa = PBXFileReference; lastKnownFileType = wrapper.framework; name = UIKit.framework; path = System/Library/Frameworks/UIKit.framework; sourceTree = SDKROOT; };
		288765A40DF7441C002DB57D /* CoreGraphics.framework */ = {isa = PBXFileReference; lastKnownFileType = wrapper.framework; name = CoreGraphics.framework; path = System/Library/Frameworks/CoreGraphics.framework; sourceTree = SDKROOT; };
		503AE11117EB99EE00D1A890 /* libcurl.dylib */ = {isa = PBXFileReference; lastKnownFileType = "compiled.mach-o.dylib"; name = libcurl.dylib; path = usr/lib/libcurl.dylib; sourceTree = SDKROOT; };
		503AE11A17EB9C5A00D1A890 /* IOKit.framework */ = {isa = PBXFileReference; lastKnownFileType = wrapper.framework; name = IOKit.framework; path = System/Library/Frameworks/IOKit.framework; sourceTree = SDKROOT; };
		5087E78817EB974C00C73F5D /* AppKit.framework */ = {isa = PBXFileReference; lastKnownFileType = wrapper.framework; name = AppKit.framework; path = System/Library/Frameworks/AppKit.framework; sourceTree = SDKROOT; };
		5087E78A17EB975400C73F5D /* OpenGL.framework */ = {isa = PBXFileReference; lastKnownFileType = wrapper.framework; name = OpenGL.framework; path = System/Library/Frameworks/OpenGL.framework; sourceTree = SDKROOT; };
		74132005193817B40002F9FB /* CKiiLogger.cpp */ = {isa = PBXFileReference; fileEncoding = 4; lastKnownFileType = sourcecode.cpp.cpp; path = CKiiLogger.cpp; sourceTree = "<group>"; };
		7417763C19299BA30000C78B /* libsqlite3.dylib */ = {isa = PBXFileReference; lastKnownFileType = "compiled.mach-o.dylib"; name = libsqlite3.dylib; path = Platforms/iPhoneOS.platform/Developer/SDKs/iPhoneOS7.1.sdk/usr/lib/libsqlite3.dylib; sourceTree = DEVELOPER_DIR; };
		7417763E19299BBC0000C78B /* ImageIO.framework */ = {isa = PBXFileReference; lastKnownFileType = wrapper.framework; name = ImageIO.framework; path = Platforms/iPhoneOS.platform/Developer/SDKs/iPhoneOS7.1.sdk/System/Library/Frameworks/ImageIO.framework; sourceTree = DEVELOPER_DIR; };
		7417764019299BD20000C78B /* Security.framework */ = {isa = PBXFileReference; lastKnownFileType = wrapper.framework; name = Security.framework; path = Platforms/iPhoneOS.platform/Developer/SDKs/iPhoneOS7.1.sdk/System/Library/Frameworks/Security.framework; sourceTree = DEVELOPER_DIR; };
		7417764219299EF90000C78B /* Accounts.framework */ = {isa = PBXFileReference; lastKnownFileType = wrapper.framework; name = Accounts.framework; path = Platforms/iPhoneOS.platform/Developer/SDKs/iPhoneOS7.1.sdk/System/Library/Frameworks/Accounts.framework; sourceTree = DEVELOPER_DIR; };
		7417764419299F000000C78B /* MobileCoreServices.framework */ = {isa = PBXFileReference; lastKnownFileType = wrapper.framework; name = MobileCoreServices.framework; path = Platforms/iPhoneOS.platform/Developer/SDKs/iPhoneOS7.1.sdk/System/Library/Frameworks/MobileCoreServices.framework; sourceTree = DEVELOPER_DIR; };
		7417764619299F150000C78B /* Social.framework */ = {isa = PBXFileReference; lastKnownFileType = wrapper.framework; name = Social.framework; path = Platforms/iPhoneOS.platform/Developer/SDKs/iPhoneOS7.1.sdk/System/Library/Frameworks/Social.framework; sourceTree = DEVELOPER_DIR; };
		7417764819299F260000C78B /* UIKit.framework */ = {isa = PBXFileReference; lastKnownFileType = wrapper.framework; name = UIKit.framework; path = Platforms/iPhoneOS.platform/Developer/SDKs/iPhoneOS7.1.sdk/System/Library/Frameworks/UIKit.framework; sourceTree = DEVELOPER_DIR; };
		7417765819299FEC0000C78B /* OpenGLES.framework */ = {isa = PBXFileReference; lastKnownFileType = wrapper.framework; name = OpenGLES.framework; path = Platforms/iPhoneOS.platform/Developer/SDKs/iPhoneOS7.1.sdk/System/Library/Frameworks/OpenGLES.framework; sourceTree = DEVELOPER_DIR; };
		7417765A1929A0000000C78B /* CoreMotion.framework */ = {isa = PBXFileReference; lastKnownFileType = wrapper.framework; name = CoreMotion.framework; path = Platforms/iPhoneOS.platform/Developer/SDKs/iPhoneOS7.1.sdk/System/Library/Frameworks/CoreMotion.framework; sourceTree = DEVELOPER_DIR; };
		74177662192AFDA10000C78B /* XCTest.framework */ = {isa = PBXFileReference; lastKnownFileType = wrapper.framework; name = XCTest.framework; path = Library/Frameworks/XCTest.framework; sourceTree = DEVELOPER_DIR; };
		74B28BA5194046DA0070034D /* CKiiApp.h */ = {isa = PBXFileReference; fileEncoding = 4; lastKnownFileType = sourcecode.c.h; path = CKiiApp.h; sourceTree = "<group>"; };
		74B28BB8194072CE0070034D /* picojson.h */ = {isa = PBXFileReference; fileEncoding = 4; lastKnownFileType = sourcecode.c.h; path = picojson.h; sourceTree = "<group>"; };
		74B28BBF194168BF0070034D /* _CKiiGlobal.h */ = {isa = PBXFileReference; lastKnownFileType = sourcecode.c.h; path = _CKiiGlobal.h; sourceTree = "<group>"; };
		74BAC6A1193466F2002D9F1D /* CKiicURLBindings.cpp */ = {isa = PBXFileReference; fileEncoding = 4; lastKnownFileType = sourcecode.cpp.cpp; path = CKiicURLBindings.cpp; sourceTree = "<group>"; };
		74BAC6A2193466F2002D9F1D /* CKiicURLBindings.h */ = {isa = PBXFileReference; fileEncoding = 4; lastKnownFileType = sourcecode.c.h; path = CKiicURLBindings.h; sourceTree = "<group>"; };
		74BAC6AC19346B16002D9F1D /* curl.h */ = {isa = PBXFileReference; fileEncoding = 4; lastKnownFileType = sourcecode.c.h; path = curl.h; sourceTree = "<group>"; };
		74BAC6AD19346B16002D9F1D /* curlbuild.h */ = {isa = PBXFileReference; fileEncoding = 4; lastKnownFileType = sourcecode.c.h; path = curlbuild.h; sourceTree = "<group>"; };
		74BAC6AE19346B16002D9F1D /* curlrules.h */ = {isa = PBXFileReference; fileEncoding = 4; lastKnownFileType = sourcecode.c.h; path = curlrules.h; sourceTree = "<group>"; };
		74BAC6AF19346B16002D9F1D /* curlver.h */ = {isa = PBXFileReference; fileEncoding = 4; lastKnownFileType = sourcecode.c.h; path = curlver.h; sourceTree = "<group>"; };
		74BAC6B019346B16002D9F1D /* easy.h */ = {isa = PBXFileReference; fileEncoding = 4; lastKnownFileType = sourcecode.c.h; path = easy.h; sourceTree = "<group>"; };
		74BAC6B119346B16002D9F1D /* mprintf.h */ = {isa = PBXFileReference; fileEncoding = 4; lastKnownFileType = sourcecode.c.h; path = mprintf.h; sourceTree = "<group>"; };
		74BAC6B219346B16002D9F1D /* multi.h */ = {isa = PBXFileReference; fileEncoding = 4; lastKnownFileType = sourcecode.c.h; path = multi.h; sourceTree = "<group>"; };
		74BAC6B319346B16002D9F1D /* stdcheaders.h */ = {isa = PBXFileReference; fileEncoding = 4; lastKnownFileType = sourcecode.c.h; path = stdcheaders.h; sourceTree = "<group>"; };
		74BAC6B419346B16002D9F1D /* typecheck-gcc.h */ = {isa = PBXFileReference; fileEncoding = 4; lastKnownFileType = sourcecode.c.h; path = "typecheck-gcc.h"; sourceTree = "<group>"; };
		74BAC6B619346B16002D9F1D /* libcurl-iosdev.a */ = {isa = PBXFileReference; lastKnownFileType = archive.ar; path = "libcurl-iosdev.a"; sourceTree = "<group>"; };
		74BAC6B9193475F0002D9F1D /* CKiiLogger.h */ = {isa = PBXFileReference; fileEncoding = 4; lastKnownFileType = sourcecode.c.h; path = CKiiLogger.h; sourceTree = "<group>"; };
		74BAC6BB193477DC002D9F1D /* CKiiiOSLogger.mm */ = {isa = PBXFileReference; fileEncoding = 4; lastKnownFileType = sourcecode.cpp.objcpp; path = CKiiiOSLogger.mm; sourceTree = "<group>"; };
		74BAC6BC193477DC002D9F1D /* CKiiiOSLogger.h */ = {isa = PBXFileReference; fileEncoding = 4; lastKnownFileType = sourcecode.c.h; path = CKiiiOSLogger.h; sourceTree = "<group>"; };
		74BAC6BE19347AC5002D9F1D /* CKiiLog.cpp */ = {isa = PBXFileReference; fileEncoding = 4; lastKnownFileType = sourcecode.cpp.cpp; path = CKiiLog.cpp; sourceTree = "<group>"; };
		74BAC6BF19347AC5002D9F1D /* CKiiLog.h */ = {isa = PBXFileReference; fileEncoding = 4; lastKnownFileType = sourcecode.c.h; path = CKiiLog.h; sourceTree = "<group>"; };
		74DF37F8192CB703005D2E23 /* CoreGraphics.framework */ = {isa = PBXFileReference; lastKnownFileType = wrapper.framework; name = CoreGraphics.framework; path = Platforms/iPhoneOS.platform/Developer/SDKs/iPhoneOS7.1.sdk/System/Library/Frameworks/CoreGraphics.framework; sourceTree = DEVELOPER_DIR; };
		74DF37FA192CB72D005D2E23 /* libz.dylib */ = {isa = PBXFileReference; lastKnownFileType = "compiled.mach-o.dylib"; name = libz.dylib; path = Platforms/iPhoneOS.platform/Developer/SDKs/iPhoneOS7.1.sdk/usr/lib/libz.dylib; sourceTree = DEVELOPER_DIR; };
		74DF3814192DF734005D2E23 /* libCKiiSDK.a */ = {isa = PBXFileReference; explicitFileType = archive.ar; includeInIndex = 0; path = libCKiiSDK.a; sourceTree = BUILT_PRODUCTS_DIR; };
		74DF3818192DF734005D2E23 /* CKiiSDK-Prefix.pch */ = {isa = PBXFileReference; lastKnownFileType = sourcecode.c.h; path = "CKiiSDK-Prefix.pch"; sourceTree = "<group>"; };
		74DF3821192DF734005D2E23 /* CKiiSDKTests.xctest */ = {isa = PBXFileReference; explicitFileType = wrapper.cfbundle; includeInIndex = 0; path = CKiiSDKTests.xctest; sourceTree = BUILT_PRODUCTS_DIR; };
		74DF382A192DF734005D2E23 /* CKiiSDKTests-Info.plist */ = {isa = PBXFileReference; lastKnownFileType = text.plist.xml; path = "CKiiSDKTests-Info.plist"; sourceTree = "<group>"; };
		74DF382C192DF734005D2E23 /* en */ = {isa = PBXFileReference; lastKnownFileType = text.plist.strings; name = en; path = en.lproj/InfoPlist.strings; sourceTree = "<group>"; };
		74DF382E192DF734005D2E23 /* CKiiSDKTests.mm */ = {isa = PBXFileReference; lastKnownFileType = sourcecode.cpp.objcpp; path = CKiiSDKTests.mm; sourceTree = "<group>"; };
		74DF3839192DF81D005D2E23 /* CKiiError.cpp */ = {isa = PBXFileReference; fileEncoding = 4; lastKnownFileType = sourcecode.cpp.cpp; path = CKiiError.cpp; sourceTree = "<group>"; };
		74DF383A192DF81D005D2E23 /* CKiiError.h */ = {isa = PBXFileReference; fileEncoding = 4; lastKnownFileType = sourcecode.c.h; path = CKiiError.h; sourceTree = "<group>"; };
		74DF3841192DF82D005D2E23 /* CKiiUser.cpp */ = {isa = PBXFileReference; fileEncoding = 4; lastKnownFileType = sourcecode.cpp.cpp; path = CKiiUser.cpp; sourceTree = "<group>"; };
		74DF3842192DF82D005D2E23 /* CKiiUser.h */ = {isa = PBXFileReference; fileEncoding = 4; lastKnownFileType = sourcecode.c.h; path = CKiiUser.h; sourceTree = "<group>"; };
		74DF3853192E044E005D2E23 /* CKiiBaseBindings.cpp */ = {isa = PBXFileReference; fileEncoding = 4; lastKnownFileType = sourcecode.cpp.cpp; path = CKiiBaseBindings.cpp; sourceTree = "<group>"; };
		74DF3854192E044E005D2E23 /* CKiiBaseBindings.h */ = {isa = PBXFileReference; fileEncoding = 4; lastKnownFileType = sourcecode.c.h; path = CKiiBaseBindings.h; sourceTree = "<group>"; };
		74DF3862192EE86D005D2E23 /* LatchedExecuter.h */ = {isa = PBXFileReference; fileEncoding = 4; lastKnownFileType = sourcecode.c.h; path = LatchedExecuter.h; sourceTree = "<group>"; };
		74DF3863192EE86D005D2E23 /* LatchedExecuter.m */ = {isa = PBXFileReference; fileEncoding = 4; lastKnownFileType = sourcecode.c.objc; path = LatchedExecuter.m; sourceTree = "<group>"; };
		74F7DA2A192C44DD0027FBBB /* libsqlite3.0.dylib */ = {isa = PBXFileReference; lastKnownFileType = "compiled.mach-o.dylib"; name = libsqlite3.0.dylib; path = Platforms/iPhoneOS.platform/Developer/SDKs/iPhoneOS7.1.sdk/usr/lib/libsqlite3.0.dylib; sourceTree = DEVELOPER_DIR; };
		AC1E32E918D8310800D12B79 /* OpenGLES.framework */ = {isa = PBXFileReference; lastKnownFileType = wrapper.framework; name = OpenGLES.framework; path = Platforms/iPhoneOS.platform/Developer/SDKs/iPhoneOS7.0.sdk/System/Library/Frameworks/OpenGLES.framework; sourceTree = DEVELOPER_DIR; };
		AC2AE5A418D165BF008F77F9 /* MobileCoreServices.framework */ = {isa = PBXFileReference; lastKnownFileType = wrapper.framework; name = MobileCoreServices.framework; path = Platforms/iPhoneOS.platform/Developer/SDKs/iPhoneOS7.0.sdk/System/Library/Frameworks/MobileCoreServices.framework; sourceTree = DEVELOPER_DIR; };
		AC2AE5A618D165F0008F77F9 /* Accounts.framework */ = {isa = PBXFileReference; lastKnownFileType = wrapper.framework; name = Accounts.framework; path = Platforms/iPhoneOS.platform/Developer/SDKs/iPhoneOS7.0.sdk/System/Library/Frameworks/Accounts.framework; sourceTree = DEVELOPER_DIR; };
		AC2AE5A818D16609008F77F9 /* Social.framework */ = {isa = PBXFileReference; lastKnownFileType = wrapper.framework; name = Social.framework; path = Platforms/iPhoneOS.platform/Developer/SDKs/iPhoneOS7.0.sdk/System/Library/Frameworks/Social.framework; sourceTree = DEVELOPER_DIR; };
		AC931DA118E2D8E1006A9087 /* KiiSDK.framework */ = {isa = PBXFileReference; lastKnownFileType = wrapper.framework; path = KiiSDK.framework; sourceTree = "<group>"; };
		BF170DB012928DE900B8313A /* OpenGLES.framework */ = {isa = PBXFileReference; lastKnownFileType = wrapper.framework; name = OpenGLES.framework; path = System/Library/Frameworks/OpenGLES.framework; sourceTree = SDKROOT; };
		BF170DB412928DE900B8313A /* libz.dylib */ = {isa = PBXFileReference; lastKnownFileType = "compiled.mach-o.dylib"; name = libz.dylib; path = usr/lib/libz.dylib; sourceTree = SDKROOT; };
		BF1C47EA1293683800B63C5D /* QuartzCore.framework */ = {isa = PBXFileReference; lastKnownFileType = wrapper.framework; name = QuartzCore.framework; path = System/Library/Frameworks/QuartzCore.framework; sourceTree = SDKROOT; };
		D44C620B132DFF330009C878 /* OpenAL.framework */ = {isa = PBXFileReference; lastKnownFileType = wrapper.framework; name = OpenAL.framework; path = System/Library/Frameworks/OpenAL.framework; sourceTree = SDKROOT; };
		D44C620D132DFF430009C878 /* AVFoundation.framework */ = {isa = PBXFileReference; lastKnownFileType = wrapper.framework; name = AVFoundation.framework; path = System/Library/Frameworks/AVFoundation.framework; sourceTree = SDKROOT; };
		D44C620F132DFF4E0009C878 /* AudioToolbox.framework */ = {isa = PBXFileReference; lastKnownFileType = wrapper.framework; name = AudioToolbox.framework; path = System/Library/Frameworks/AudioToolbox.framework; sourceTree = SDKROOT; };
		D6B0611A1803AB670077942B /* CoreMotion.framework */ = {isa = PBXFileReference; lastKnownFileType = wrapper.framework; name = CoreMotion.framework; path = Platforms/iPhoneOS.platform/Developer/SDKs/iPhoneOS7.0.sdk/System/Library/Frameworks/CoreMotion.framework; sourceTree = DEVELOPER_DIR; };
/* End PBXFileReference section */

/* Begin PBXFrameworksBuildPhase section */
		74DF3811192DF734005D2E23 /* Frameworks */ = {
			isa = PBXFrameworksBuildPhase;
			buildActionMask = 2147483647;
			files = (
				74DF385E192E083A005D2E23 /* MobileCoreServices.framework in Frameworks */,
				74DF385D192E0833005D2E23 /* Accounts.framework in Frameworks */,
				74DF385C192E082D005D2E23 /* Social.framework in Frameworks */,
				74BAC6B719346B16002D9F1D /* libcurl-iosdev.a in Frameworks */,
				74DF385B192E0823005D2E23 /* ImageIO.framework in Frameworks */,
				74DF385A192E081B005D2E23 /* libsqlite3.0.dylib in Frameworks */,
				74DF3859192E0812005D2E23 /* KiiSDK.framework in Frameworks */,
				74DF3815192DF734005D2E23 /* Foundation.framework in Frameworks */,
			);
			runOnlyForDeploymentPostprocessing = 0;
		};
		74DF381E192DF734005D2E23 /* Frameworks */ = {
			isa = PBXFrameworksBuildPhase;
			buildActionMask = 2147483647;
			files = (
				7413200719381D850002F9FB /* libz.dylib in Frameworks */,
				74BAC64D1933166C002D9F1D /* CoreGraphics.framework in Frameworks */,
				74BAC64C1933161B002D9F1D /* Security.framework in Frameworks */,
				74BAC64B193315C7002D9F1D /* MobileCoreServices.framework in Frameworks */,
				74BAC64A193315B9002D9F1D /* Accounts.framework in Frameworks */,
				74BAC649193315B3002D9F1D /* Social.framework in Frameworks */,
				74BAC648193315AC002D9F1D /* ImageIO.framework in Frameworks */,
				74BAC647193315A4002D9F1D /* libsqlite3.dylib in Frameworks */,
				74BAC6461932DC37002D9F1D /* KiiSDK.framework in Frameworks */,
				74DF3827192DF734005D2E23 /* libCKiiSDK.a in Frameworks */,
				74DF3822192DF734005D2E23 /* XCTest.framework in Frameworks */,
				74DF3824192DF734005D2E23 /* UIKit.framework in Frameworks */,
				74DF3823192DF734005D2E23 /* Foundation.framework in Frameworks */,
			);
			runOnlyForDeploymentPostprocessing = 0;
		};
/* End PBXFrameworksBuildPhase section */

/* Begin PBXGroup section */
		19C28FACFE9D520D11CA2CBB /* Products */ = {
			isa = PBXGroup;
			children = (
				74DF3814192DF734005D2E23 /* libCKiiSDK.a */,
				74DF3821192DF734005D2E23 /* CKiiSDKTests.xctest */,
			);
			name = Products;
			sourceTree = "<group>";
		};
		29B97314FDCFA39411CA2CEA /* CustomTemplate */ = {
			isa = PBXGroup;
			children = (
				74B28BB7194072CE0070034D /* ExtLibs */,
				74DF3816192DF734005D2E23 /* CKiiSDK */,
				74DF3828192DF734005D2E23 /* CKiiSDKTests */,
				AC931DA118E2D8E1006A9087 /* KiiSDK.framework */,
				29B97323FDCFA39411CA2CEA /* Frameworks */,
				19C28FACFE9D520D11CA2CBB /* Products */,
			);
			name = CustomTemplate;
			sourceTree = "<group>";
		};
		29B97323FDCFA39411CA2CEA /* Frameworks */ = {
			isa = PBXGroup;
			children = (
				74DF37FA192CB72D005D2E23 /* libz.dylib */,
				74DF37F8192CB703005D2E23 /* CoreGraphics.framework */,
				74F7DA2A192C44DD0027FBBB /* libsqlite3.0.dylib */,
				7417765A1929A0000000C78B /* CoreMotion.framework */,
				7417765819299FEC0000C78B /* OpenGLES.framework */,
				7417764819299F260000C78B /* UIKit.framework */,
				7417764619299F150000C78B /* Social.framework */,
				7417764419299F000000C78B /* MobileCoreServices.framework */,
				7417764219299EF90000C78B /* Accounts.framework */,
				7417764019299BD20000C78B /* Security.framework */,
				7417763E19299BBC0000C78B /* ImageIO.framework */,
				7417763C19299BA30000C78B /* libsqlite3.dylib */,
				AC1E32E918D8310800D12B79 /* OpenGLES.framework */,
				AC2AE5A818D16609008F77F9 /* Social.framework */,
				AC2AE5A618D165F0008F77F9 /* Accounts.framework */,
				AC2AE5A418D165BF008F77F9 /* MobileCoreServices.framework */,
				D6B0611A1803AB670077942B /* CoreMotion.framework */,
				503AE11A17EB9C5A00D1A890 /* IOKit.framework */,
				503AE11117EB99EE00D1A890 /* libcurl.dylib */,
				5087E78A17EB975400C73F5D /* OpenGL.framework */,
				5087E78817EB974C00C73F5D /* AppKit.framework */,
				1ACB3243164770DE00914215 /* libcurl.a */,
				BF170DB412928DE900B8313A /* libz.dylib */,
				D44C620F132DFF4E0009C878 /* AudioToolbox.framework */,
				D44C620D132DFF430009C878 /* AVFoundation.framework */,
				288765A40DF7441C002DB57D /* CoreGraphics.framework */,
				1D30AB110D05D00D00671497 /* Foundation.framework */,
				D44C620B132DFF330009C878 /* OpenAL.framework */,
				BF170DB012928DE900B8313A /* OpenGLES.framework */,
				BF1C47EA1293683800B63C5D /* QuartzCore.framework */,
				1DF5F4DF0D08C38300B7A737 /* UIKit.framework */,
				74177662192AFDA10000C78B /* XCTest.framework */,
			);
			name = Frameworks;
			sourceTree = "<group>";
		};
		74B28BB7194072CE0070034D /* ExtLibs */ = {
			isa = PBXGroup;
			children = (
				74B28BB8194072CE0070034D /* picojson.h */,
			);
			path = ExtLibs;
			sourceTree = "<group>";
		};
		74BAC6AA19346B16002D9F1D /* curl */ = {
			isa = PBXGroup;
			children = (
				74BAC6AB19346B16002D9F1D /* include */,
				74BAC6B519346B16002D9F1D /* lib */,
			);
			path = curl;
			sourceTree = "<group>";
		};
		74BAC6AB19346B16002D9F1D /* include */ = {
			isa = PBXGroup;
			children = (
				74BAC6AC19346B16002D9F1D /* curl.h */,
				74BAC6AD19346B16002D9F1D /* curlbuild.h */,
				74BAC6AE19346B16002D9F1D /* curlrules.h */,
				74BAC6AF19346B16002D9F1D /* curlver.h */,
				74BAC6B019346B16002D9F1D /* easy.h */,
				74BAC6B119346B16002D9F1D /* mprintf.h */,
				74BAC6B219346B16002D9F1D /* multi.h */,
				74BAC6B319346B16002D9F1D /* stdcheaders.h */,
				74BAC6B419346B16002D9F1D /* typecheck-gcc.h */,
			);
			path = include;
			sourceTree = "<group>";
		};
		74BAC6B519346B16002D9F1D /* lib */ = {
			isa = PBXGroup;
			children = (
				74BAC6B619346B16002D9F1D /* libcurl-iosdev.a */,
			);
			path = lib;
			sourceTree = "<group>";
		};
		74DF3816192DF734005D2E23 /* CKiiSDK */ = {
			isa = PBXGroup;
			children = (
				74DF3852192E041E005D2E23 /* CKiiBindings */,
				74B28BA5194046DA0070034D /* CKiiApp.h */,
				74DF3841192DF82D005D2E23 /* CKiiUser.cpp */,
				74DF3842192DF82D005D2E23 /* CKiiUser.h */,
				74DF3839192DF81D005D2E23 /* CKiiError.cpp */,
				74DF383A192DF81D005D2E23 /* CKiiError.h */,
				74DF3817192DF734005D2E23 /* Supporting Files */,
				74BAC6B9193475F0002D9F1D /* CKiiLogger.h */,
				74132005193817B40002F9FB /* CKiiLogger.cpp */,
				74BAC6BE19347AC5002D9F1D /* CKiiLog.cpp */,
				74BAC6BF19347AC5002D9F1D /* CKiiLog.h */,
				74BAC6BB193477DC002D9F1D /* CKiiiOSLogger.mm */,
				74BAC6BC193477DC002D9F1D /* CKiiiOSLogger.h */,
				74B28BBF194168BF0070034D /* _CKiiGlobal.h */,
			);
			path = CKiiSDK;
			sourceTree = "<group>";
		};
		74DF3817192DF734005D2E23 /* Supporting Files */ = {
			isa = PBXGroup;
			children = (
				74DF3818192DF734005D2E23 /* CKiiSDK-Prefix.pch */,
			);
			name = "Supporting Files";
			sourceTree = "<group>";
		};
		74DF3828192DF734005D2E23 /* CKiiSDKTests */ = {
			isa = PBXGroup;
			children = (
				74DF3862192EE86D005D2E23 /* LatchedExecuter.h */,
				74DF3863192EE86D005D2E23 /* LatchedExecuter.m */,
				74DF382E192DF734005D2E23 /* CKiiSDKTests.mm */,
				74DF3829192DF734005D2E23 /* Supporting Files */,
			);
			path = CKiiSDKTests;
			sourceTree = "<group>";
		};
		74DF3829192DF734005D2E23 /* Supporting Files */ = {
			isa = PBXGroup;
			children = (
				74DF382A192DF734005D2E23 /* CKiiSDKTests-Info.plist */,
				74DF382B192DF734005D2E23 /* InfoPlist.strings */,
			);
			name = "Supporting Files";
			sourceTree = "<group>";
		};
		74DF3852192E041E005D2E23 /* CKiiBindings */ = {
			isa = PBXGroup;
			children = (
				74BAC6AA19346B16002D9F1D /* curl */,
				74DF3853192E044E005D2E23 /* CKiiBaseBindings.cpp */,
				74DF3854192E044E005D2E23 /* CKiiBaseBindings.h */,
				74BAC6A1193466F2002D9F1D /* CKiicURLBindings.cpp */,
				74BAC6A2193466F2002D9F1D /* CKiicURLBindings.h */,
			);
			path = CKiiBindings;
			sourceTree = "<group>";
		};
/* End PBXGroup section */

/* Begin PBXNativeTarget section */
		74DF3813192DF734005D2E23 /* CKiiSDK */ = {
			isa = PBXNativeTarget;
			buildConfigurationList = 74DF3830192DF735005D2E23 /* Build configuration list for PBXNativeTarget "CKiiSDK" */;
			buildPhases = (
				74DF3810192DF734005D2E23 /* Sources */,
				74DF3811192DF734005D2E23 /* Frameworks */,
				74DF3812192DF734005D2E23 /* CopyFiles */,
			);
			buildRules = (
			);
			dependencies = (
			);
			name = CKiiSDK;
			productName = CKiiSDK;
			productReference = 74DF3814192DF734005D2E23 /* libCKiiSDK.a */;
			productType = "com.apple.product-type.library.static";
		};
		74DF3820192DF734005D2E23 /* CKiiSDKTests */ = {
			isa = PBXNativeTarget;
			buildConfigurationList = 74DF3833192DF735005D2E23 /* Build configuration list for PBXNativeTarget "CKiiSDKTests" */;
			buildPhases = (
				74DF381D192DF734005D2E23 /* Sources */,
				74DF381E192DF734005D2E23 /* Frameworks */,
				74DF381F192DF734005D2E23 /* Resources */,
			);
			buildRules = (
			);
			dependencies = (
				74DF3826192DF734005D2E23 /* PBXTargetDependency */,
			);
			name = CKiiSDKTests;
			productName = CKiiSDKTests;
			productReference = 74DF3821192DF734005D2E23 /* CKiiSDKTests.xctest */;
			productType = "com.apple.product-type.bundle.unit-test";
		};
/* End PBXNativeTarget section */

/* Begin PBXProject section */
		29B97313FDCFA39411CA2CEA /* Project object */ = {
			isa = PBXProject;
			attributes = {
				LastUpgradeCheck = 0500;
				TargetAttributes = {
					74DF3820192DF734005D2E23 = {
						TestTargetID = 74DF3813192DF734005D2E23;
					};
				};
			};
			buildConfigurationList = C01FCF4E08A954540054247B /* Build configuration list for PBXProject "cocos2dx-cpp-IFV3" */;
			compatibilityVersion = "Xcode 3.2";
			developmentRegion = English;
			hasScannedForEncodings = 1;
			knownRegions = (
				English,
				Japanese,
				French,
				German,
				en,
			);
			mainGroup = 29B97314FDCFA39411CA2CEA /* CustomTemplate */;
			projectDirPath = "";
			projectRoot = "";
			targets = (
				74DF3813192DF734005D2E23 /* CKiiSDK */,
				74DF3820192DF734005D2E23 /* CKiiSDKTests */,
			);
		};
/* End PBXProject section */

/* Begin PBXResourcesBuildPhase section */
		74DF381F192DF734005D2E23 /* Resources */ = {
			isa = PBXResourcesBuildPhase;
			buildActionMask = 2147483647;
			files = (
				74DF382D192DF734005D2E23 /* InfoPlist.strings in Resources */,
			);
			runOnlyForDeploymentPostprocessing = 0;
		};
/* End PBXResourcesBuildPhase section */

/* Begin PBXSourcesBuildPhase section */
		74DF3810192DF734005D2E23 /* Sources */ = {
			isa = PBXSourcesBuildPhase;
			buildActionMask = 2147483647;
			files = (
				74DF383D192DF81D005D2E23 /* CKiiError.cpp in Sources */,
				74132006193817B40002F9FB /* CKiiLogger.cpp in Sources */,
				74DF3844192DF82D005D2E23 /* CKiiUser.cpp in Sources */,
				74BAC6A3193466F2002D9F1D /* CKiicURLBindings.cpp in Sources */,
				74DF3855192E044E005D2E23 /* CKiiBaseBindings.cpp in Sources */,
				74BAC6BD193477DC002D9F1D /* CKiiiOSLogger.mm in Sources */,
				74BAC6C019347AC5002D9F1D /* CKiiLog.cpp in Sources */,
			);
			runOnlyForDeploymentPostprocessing = 0;
		};
		74DF381D192DF734005D2E23 /* Sources */ = {
			isa = PBXSourcesBuildPhase;
			buildActionMask = 2147483647;
			files = (
				74DF3864192EE86D005D2E23 /* LatchedExecuter.m in Sources */,
				74DF382F192DF734005D2E23 /* CKiiSDKTests.mm in Sources */,
			);
			runOnlyForDeploymentPostprocessing = 0;
		};
/* End PBXSourcesBuildPhase section */

/* Begin PBXTargetDependency section */
		74DF3826192DF734005D2E23 /* PBXTargetDependency */ = {
			isa = PBXTargetDependency;
			target = 74DF3813192DF734005D2E23 /* CKiiSDK */;
			targetProxy = 74DF3825192DF734005D2E23 /* PBXContainerItemProxy */;
		};
/* End PBXTargetDependency section */

/* Begin PBXVariantGroup section */
		74DF382B192DF734005D2E23 /* InfoPlist.strings */ = {
			isa = PBXVariantGroup;
			children = (
				74DF382C192DF734005D2E23 /* en */,
			);
			name = InfoPlist.strings;
			sourceTree = "<group>";
		};
/* End PBXVariantGroup section */

/* Begin XCBuildConfiguration section */
		74DF3831192DF735005D2E23 /* Debug */ = {
			isa = XCBuildConfiguration;
			buildSettings = {
				ALWAYS_SEARCH_USER_PATHS = NO;
				CLANG_CXX_LANGUAGE_STANDARD = "gnu++0x";
				CLANG_ENABLE_MODULES = YES;
				CLANG_ENABLE_OBJC_ARC = YES;
				CLANG_WARN_BOOL_CONVERSION = YES;
				CLANG_WARN_CONSTANT_CONVERSION = YES;
				CLANG_WARN_DIRECT_OBJC_ISA_USAGE = YES_ERROR;
				CLANG_WARN_EMPTY_BODY = YES;
				CLANG_WARN_ENUM_CONVERSION = YES;
				CLANG_WARN_INT_CONVERSION = YES;
				CLANG_WARN_OBJC_ROOT_CLASS = YES_ERROR;
				CLANG_WARN__DUPLICATE_METHOD_MATCH = YES;
				DSTROOT = /tmp/CKiiSDK.dst;
				FRAMEWORK_SEARCH_PATHS = (
					"$(inherited)",
					"$(PROJECT_DIR)",
				);
				GCC_C_LANGUAGE_STANDARD = gnu99;
				GCC_DYNAMIC_NO_PIC = NO;
				GCC_PRECOMPILE_PREFIX_HEADER = YES;
				GCC_PREFIX_HEADER = "CKiiSDK/CKiiSDK-Prefix.pch";
				GCC_PREPROCESSOR_DEFINITIONS = (
					"DEBUG=1",
					"$(inherited)",
				);
				GCC_SYMBOLS_PRIVATE_EXTERN = NO;
				GCC_WARN_64_TO_32_BIT_CONVERSION = YES;
				GCC_WARN_ABOUT_RETURN_TYPE = YES_ERROR;
				GCC_WARN_UNDECLARED_SELECTOR = YES;
				GCC_WARN_UNINITIALIZED_AUTOS = YES_AGGRESSIVE;
				GCC_WARN_UNUSED_FUNCTION = YES;
				IPHONEOS_DEPLOYMENT_TARGET = 7.1;
				LIBRARY_SEARCH_PATHS = (
					"$(inherited)",
					"$(PROJECT_DIR)/CKiiSDK/CKiiBindings/curl/lib",
				);
				OTHER_LDFLAGS = "-ObjC";
				PRODUCT_NAME = "$(TARGET_NAME)";
				SDKROOT = iphoneos;
				SKIP_INSTALL = YES;
			};
			name = Debug;
		};
		74DF3832192DF735005D2E23 /* Release */ = {
			isa = XCBuildConfiguration;
			buildSettings = {
				ALWAYS_SEARCH_USER_PATHS = NO;
				CLANG_CXX_LANGUAGE_STANDARD = "gnu++0x";
				CLANG_ENABLE_MODULES = YES;
				CLANG_ENABLE_OBJC_ARC = YES;
				CLANG_WARN_BOOL_CONVERSION = YES;
				CLANG_WARN_CONSTANT_CONVERSION = YES;
				CLANG_WARN_DIRECT_OBJC_ISA_USAGE = YES_ERROR;
				CLANG_WARN_EMPTY_BODY = YES;
				CLANG_WARN_ENUM_CONVERSION = YES;
				CLANG_WARN_INT_CONVERSION = YES;
				CLANG_WARN_OBJC_ROOT_CLASS = YES_ERROR;
				CLANG_WARN__DUPLICATE_METHOD_MATCH = YES;
				COPY_PHASE_STRIP = YES;
				DSTROOT = /tmp/CKiiSDK.dst;
				ENABLE_NS_ASSERTIONS = NO;
				FRAMEWORK_SEARCH_PATHS = (
					"$(inherited)",
					"$(PROJECT_DIR)",
				);
				GCC_C_LANGUAGE_STANDARD = gnu99;
				GCC_PRECOMPILE_PREFIX_HEADER = YES;
				GCC_PREFIX_HEADER = "CKiiSDK/CKiiSDK-Prefix.pch";
				GCC_WARN_64_TO_32_BIT_CONVERSION = YES;
				GCC_WARN_ABOUT_RETURN_TYPE = YES_ERROR;
				GCC_WARN_UNDECLARED_SELECTOR = YES;
				GCC_WARN_UNINITIALIZED_AUTOS = YES_AGGRESSIVE;
				GCC_WARN_UNUSED_FUNCTION = YES;
				IPHONEOS_DEPLOYMENT_TARGET = 7.1;
				LIBRARY_SEARCH_PATHS = (
					"$(inherited)",
					"$(PROJECT_DIR)/CKiiSDK/CKiiBindings/curl/lib",
				);
				OTHER_LDFLAGS = "-ObjC";
				PRODUCT_NAME = "$(TARGET_NAME)";
				SDKROOT = iphoneos;
				SKIP_INSTALL = YES;
			};
			name = Release;
		};
		74DF3834192DF735005D2E23 /* Debug */ = {
			isa = XCBuildConfiguration;
			buildSettings = {
				ALWAYS_SEARCH_USER_PATHS = NO;
				CLANG_CXX_LANGUAGE_STANDARD = "gnu++0x";
				CLANG_ENABLE_MODULES = YES;
				CLANG_ENABLE_OBJC_ARC = YES;
				CLANG_WARN_BOOL_CONVERSION = YES;
				CLANG_WARN_CONSTANT_CONVERSION = YES;
				CLANG_WARN_DIRECT_OBJC_ISA_USAGE = YES_ERROR;
				CLANG_WARN_EMPTY_BODY = YES;
				CLANG_WARN_ENUM_CONVERSION = YES;
				CLANG_WARN_INT_CONVERSION = YES;
				CLANG_WARN_OBJC_ROOT_CLASS = YES_ERROR;
				CLANG_WARN__DUPLICATE_METHOD_MATCH = YES;
				FRAMEWORK_SEARCH_PATHS = (
					"$(SDKROOT)/Developer/Library/Frameworks",
					"$(inherited)",
					"$(DEVELOPER_FRAMEWORKS_DIR)",
					"$(PROJECT_DIR)",
				);
				GCC_C_LANGUAGE_STANDARD = gnu99;
				GCC_DYNAMIC_NO_PIC = NO;
				GCC_PRECOMPILE_PREFIX_HEADER = YES;
				GCC_PREFIX_HEADER = "CKiiSDK/CKiiSDK-Prefix.pch";
				GCC_PREPROCESSOR_DEFINITIONS = (
					"DEBUG=1",
					"$(inherited)",
				);
				GCC_SYMBOLS_PRIVATE_EXTERN = NO;
				GCC_WARN_64_TO_32_BIT_CONVERSION = YES;
				GCC_WARN_ABOUT_RETURN_TYPE = YES_ERROR;
				GCC_WARN_UNDECLARED_SELECTOR = YES;
				GCC_WARN_UNINITIALIZED_AUTOS = YES_AGGRESSIVE;
				GCC_WARN_UNUSED_FUNCTION = YES;
				INFOPLIST_FILE = "CKiiSDKTests/CKiiSDKTests-Info.plist";
				IPHONEOS_DEPLOYMENT_TARGET = 7.1;
				LIBRARY_SEARCH_PATHS = (
					"$(inherited)",
					"$(PROJECT_DIR)/CKiiSDK/CKiiBindings/curl/lib",
				);
				PRODUCT_NAME = "$(TARGET_NAME)";
				SDKROOT = iphoneos;
				WRAPPER_EXTENSION = xctest;
			};
			name = Debug;
		};
		74DF3835192DF735005D2E23 /* Release */ = {
			isa = XCBuildConfiguration;
			buildSettings = {
				ALWAYS_SEARCH_USER_PATHS = NO;
				CLANG_CXX_LANGUAGE_STANDARD = "gnu++0x";
				CLANG_ENABLE_MODULES = YES;
				CLANG_ENABLE_OBJC_ARC = YES;
				CLANG_WARN_BOOL_CONVERSION = YES;
				CLANG_WARN_CONSTANT_CONVERSION = YES;
				CLANG_WARN_DIRECT_OBJC_ISA_USAGE = YES_ERROR;
				CLANG_WARN_EMPTY_BODY = YES;
				CLANG_WARN_ENUM_CONVERSION = YES;
				CLANG_WARN_INT_CONVERSION = YES;
				CLANG_WARN_OBJC_ROOT_CLASS = YES_ERROR;
				CLANG_WARN__DUPLICATE_METHOD_MATCH = YES;
				COPY_PHASE_STRIP = YES;
				ENABLE_NS_ASSERTIONS = NO;
				FRAMEWORK_SEARCH_PATHS = (
					"$(SDKROOT)/Developer/Library/Frameworks",
					"$(inherited)",
					"$(DEVELOPER_FRAMEWORKS_DIR)",
					"$(PROJECT_DIR)",
				);
				GCC_C_LANGUAGE_STANDARD = gnu99;
				GCC_PRECOMPILE_PREFIX_HEADER = YES;
				GCC_PREFIX_HEADER = "CKiiSDK/CKiiSDK-Prefix.pch";
				GCC_WARN_64_TO_32_BIT_CONVERSION = YES;
				GCC_WARN_ABOUT_RETURN_TYPE = YES_ERROR;
				GCC_WARN_UNDECLARED_SELECTOR = YES;
				GCC_WARN_UNINITIALIZED_AUTOS = YES_AGGRESSIVE;
				GCC_WARN_UNUSED_FUNCTION = YES;
				INFOPLIST_FILE = "CKiiSDKTests/CKiiSDKTests-Info.plist";
				IPHONEOS_DEPLOYMENT_TARGET = 7.1;
				LIBRARY_SEARCH_PATHS = (
					"$(inherited)",
					"$(PROJECT_DIR)/CKiiSDK/CKiiBindings/curl/lib",
				);
				PRODUCT_NAME = "$(TARGET_NAME)";
				SDKROOT = iphoneos;
				WRAPPER_EXTENSION = xctest;
			};
			name = Release;
		};
		C01FCF4F08A954540054247B /* Debug */ = {
			isa = XCBuildConfiguration;
			buildSettings = {
				CLANG_CXX_LANGUAGE_STANDARD = "c++0x";
				CLANG_CXX_LIBRARY = "libc++";
				COPY_PHASE_STRIP = NO;
				GCC_OPTIMIZATION_LEVEL = 0;
				GCC_WARN_ABOUT_RETURN_TYPE = YES;
				GCC_WARN_UNUSED_VARIABLE = YES;
				HEADER_SEARCH_PATHS = "";
				ONLY_ACTIVE_ARCH = YES;
				PRODUCT_NAME = "$(TARGET_NAME)";
				SDKROOT = macosx;
				USER_HEADER_SEARCH_PATHS = ExtLibs;
			};
			name = Debug;
		};
		C01FCF5008A954540054247B /* Release */ = {
			isa = XCBuildConfiguration;
			buildSettings = {
				CLANG_CXX_LANGUAGE_STANDARD = "c++0x";
				CLANG_CXX_LIBRARY = "libc++";
				GCC_WARN_ABOUT_RETURN_TYPE = YES;
				GCC_WARN_UNUSED_VARIABLE = YES;
				HEADER_SEARCH_PATHS = "";
				OTHER_CFLAGS = "-DNS_BLOCK_ASSERTIONS=1";
				PRODUCT_NAME = "$(TARGET_NAME)";
				SDKROOT = macosx;
				USER_HEADER_SEARCH_PATHS = ExtLibs;
				VALIDATE_PRODUCT = YES;
			};
			name = Release;
		};
/* End XCBuildConfiguration section */

/* Begin XCConfigurationList section */
		74DF3830192DF735005D2E23 /* Build configuration list for PBXNativeTarget "CKiiSDK" */ = {
			isa = XCConfigurationList;
			buildConfigurations = (
				74DF3831192DF735005D2E23 /* Debug */,
				74DF3832192DF735005D2E23 /* Release */,
			);
			defaultConfigurationIsVisible = 0;
			defaultConfigurationName = Debug;
		};
		74DF3833192DF735005D2E23 /* Build configuration list for PBXNativeTarget "CKiiSDKTests" */ = {
			isa = XCConfigurationList;
			buildConfigurations = (
				74DF3834192DF735005D2E23 /* Debug */,
				74DF3835192DF735005D2E23 /* Release */,
			);
			defaultConfigurationIsVisible = 0;
			defaultConfigurationName = Debug;
		};
		C01FCF4E08A954540054247B /* Build configuration list for PBXProject "cocos2dx-cpp-IFV3" */ = {
			isa = XCConfigurationList;
			buildConfigurations = (
				C01FCF4F08A954540054247B /* Debug */,
				C01FCF5008A954540054247B /* Release */,
			);
			defaultConfigurationIsVisible = 0;
			defaultConfigurationName = Debug;
		};
/* End XCConfigurationList section */
	};
	rootObject = 29B97313FDCFA39411CA2CEA /* Project object */;
}
